<?xml version="1.0" encoding="utf-8"?>
<Project ToolsVersion="4.0" xmlns="http://schemas.microsoft.com/developer/msbuild/2003">
  <ItemGroup>
    <ClCompile Include="src\HDE\hde32.c" />
    <ClCompile Include="src\HDE\hde64.c" />
    <ClCompile Include="src\buffer.c" />
    <ClCompile Include="src\hook.c" />
    <ClCompile Include="src\trampoline.c" />
  </ItemGroup>
  <ItemGroup>
    <ClInclude Include="src\HDE\hde32.h" />
    <ClInclude Include="src\HDE\hde64.h" />
    <ClInclude Include="src\HDE\pstdint.h" />
    <ClInclude Include="src\HDE\table32.h" />
    <ClInclude Include="src\HDE\table64.h" />
    <ClInclude Include="src\buffer.h" />
    <ClInclude Include="src\trampoline.h" />
    <ClInclude Include="include\MinHook.h" />
  </ItemGroup>
  <ItemGroup>
    <Text Include="AUTHORS.txt" />
    <Text Include="LICENSE.txt" />
  </ItemGroup>
  <ItemGroup>
    <None Include="README.md" />
  </ItemGroup>
</Project>