<?xml version="1.0" encoding="utf-8"?>
<Project ToolsVersion="4.0" xmlns="http://schemas.microsoft.com/developer/msbuild/2003">
  <ItemGroup>
    <ClCompile Include="addressess.cpp" />
    <ClCompile Include="bonusspells.cpp" />
    <ClCompile Include="d3d8to9\d3d8to9.cpp" />
    <ClCompile Include="d3d8to9\d3d8to9_device.cpp" />
    <ClCompile Include="d3d8to9\d3d8to9_indexbuffer.cpp" />
    <ClCompile Include="d3d8to9\d3d8to9_rootobj.cpp" />
    <ClCompile Include="d3d8to9\d3d8to9_surface.cpp" />
    <ClCompile Include="d3d8to9\d3d8to9_texture.cpp" />
    <ClCompile Include="d3d8to9\d3d8to9_vertexbuffer.cpp" />
    <ClCompile Include="fixes.cpp" />
    <ClCompile Include="gamesystems.cpp" />
    <ClCompile Include="graphics.cpp" />
    <ClCompile Include="libraryholder.cpp" />
    <ClCompile Include="main.cpp" />
    <ClCompile Include="minhook\src\buffer.c" />
    <ClCompile Include="minhook\src\HDE\hde32.c" />
    <ClCompile Include="minhook\src\HDE\hde64.c" />
    <ClCompile Include="minhook\src\hook.c" />
    <ClCompile Include="minhook\src\trampoline.c" />
    <ClCompile Include="idxtables.cpp" />
    <ClCompile Include="movies.cpp" />
    <ClCompile Include="python.cpp" />
    <ClCompile Include="stdafx.cpp" />
    <ClCompile Include="config.cpp" />
    <ClCompile Include="temple_functions.cpp" />
    <ClCompile Include="tig_font.cpp" />
    <ClCompile Include="tig_mes.cpp" />
    <ClCompile Include="tig_mouse.cpp" />
    <ClCompile Include="tig_msg.cpp" />
    <ClCompile Include="tig_shader.cpp" />
    <ClCompile Include="tig_texture.cpp" />
    <ClCompile Include="mainwindow.cpp" />
    <ClCompile Include="ui.cpp" />
    <ClCompile Include="ui_item_creation.cpp" />
    <ClCompile Include="obj.cpp" />
  </ItemGroup>
  <ItemGroup>
    <ClInclude Include="addresses.h" />
    <ClInclude Include="d3d8to9\d3d8to9.h" />
    <ClInclude Include="d3d8to9\d3d8to9_convert.h" />
    <ClInclude Include="d3d8to9\d3d8to9_device.h" />
    <ClInclude Include="d3d8to9\d3d8to9_indexbuffer.h" />
    <ClInclude Include="d3d8to9\d3d8to9_private.h" />
    <ClInclude Include="d3d8to9\d3d8to9_rootobj.h" />
    <ClInclude Include="d3d8to9\d3d8to9_surface.h" />
    <ClInclude Include="d3d8to9\d3d8to9_texture.h" />
    <ClInclude Include="d3d8to9\d3d8to9_vertexbuffer.h" />
    <ClInclude Include="d3d8\d3d8.h" />
    <ClInclude Include="d3d8\d3d8caps.h" />
    <ClInclude Include="d3d8\d3d8types.h" />
    <ClInclude Include="gamesystems.h" />
    <ClInclude Include="graphics.h" />
    <ClInclude Include="fixes.h" />
    <ClInclude Include="libraryholder.h" />
    <ClInclude Include="minhook\src\buffer.h" />
    <ClInclude Include="minhook\src\HDE\hde32.h" />
    <ClInclude Include="minhook\src\HDE\hde64.h" />
    <ClInclude Include="minhook\src\HDE\pstdint.h" />
    <ClInclude Include="minhook\src\HDE\table32.h" />
    <ClInclude Include="minhook\src\HDE\table64.h" />
    <ClInclude Include="minhook\src\trampoline.h" />
    <ClInclude Include="idxtables.h" />
    <ClInclude Include="python_header.h" />
    <ClInclude Include="tig_mes.h" />
    <ClInclude Include="tig_mouse.h" />
    <ClInclude Include="movies.h" />
    <ClInclude Include="stdafx.h" />
    <ClInclude Include="config.h" />
    <ClInclude Include="temple_functions.h" />
    <ClInclude Include="tig_font.h" />
    <ClInclude Include="tig_msg.h" />
    <ClInclude Include="tig_shader.h" />
    <ClInclude Include="tig_texture.h" />
    <ClInclude Include="mainwindow.h" />
    <ClInclude Include="ui.h" />
    <ClInclude Include="obj.h" />
  </ItemGroup>
  <ItemGroup>
    <Text Include="..\Spellslinger%27s Notes\bonusspells.txt" />
  </ItemGroup>
</Project>