<?xml version="1.0" encoding="utf-8"?>
<Project ToolsVersion="4.0" xmlns="http://schemas.microsoft.com/developer/msbuild/2003">
  <ItemGroup>
    <ClCompile Include="gamesystems.cpp" />
    <ClCompile Include="graphics.cpp" />
    <ClCompile Include="main.cpp" />
    <ClCompile Include="movies.cpp" />
    <ClCompile Include="stdafx.cpp" />
    <ClCompile Include="temple_functions.cpp" />
    <ClCompile Include="mainwindow.cpp" />
    <ClCompile Include="debugMessageToggles.cpp" />
    <ClCompile Include="attackrollcpp.cpp">
      <Filter>Mods and Fixes</Filter>
    </ClCompile>
    <ClCompile Include="animalcompanion.cpp">
      <Filter>Mods and Fixes</Filter>
    </ClCompile>
    <ClCompile Include="generalfixes.cpp">
      <Filter>Mods and Fixes</Filter>
    </ClCompile>
    <ClCompile Include="xp.cpp">
      <Filter>Mods and Fixes</Filter>
    </ClCompile>
    <ClCompile Include="aas.cpp" />
    <ClCompile Include="game_config.cpp" />
    <ClCompile Include="temple_main.cpp" />
    <ClCompile Include="testhelper.cpp" />
    <ClCompile Include="d3d8to9\d3d8to9.cpp">
      <Filter>d3d</Filter>
    </ClCompile>
    <ClCompile Include="d3d8to9\d3d8to9_device.cpp">
      <Filter>d3d</Filter>
    </ClCompile>
    <ClCompile Include="d3d8to9\d3d8to9_indexbuffer.cpp">
      <Filter>d3d</Filter>
    </ClCompile>
    <ClCompile Include="d3d8to9\d3d8to9_rootobj.cpp">
      <Filter>d3d</Filter>
    </ClCompile>
    <ClCompile Include="d3d8to9\d3d8to9_surface.cpp">
      <Filter>d3d</Filter>
    </ClCompile>
    <ClCompile Include="d3d8to9\d3d8to9_texture.cpp">
      <Filter>d3d</Filter>
    </ClCompile>
    <ClCompile Include="d3d8to9\d3d8to9_vertexbuffer.cpp">
      <Filter>d3d</Filter>
    </ClCompile>
    <ClCompile Include="bonusspells.cpp">
      <Filter>Mods and Fixes</Filter>
    </ClCompile>
    <ClCompile Include="dependencies\cppformat\format.cc">
      <Filter>Dependencies\cppformat</Filter>
    </ClCompile>
    <ClCompile Include="dependencies\json11\json11.cpp">
      <Filter>Dependencies\json11</Filter>
    </ClCompile>
    <ClCompile Include="timeevents.cpp" />
    <ClCompile Include="anim.cpp" />
    <ClCompile Include="pathfinding.cpp" />
    <ClCompile Include="mainloop.cpp" />
    <ClCompile Include="feat.cpp">
      <Filter>Mods and Fixes</Filter>
    </ClCompile>
    <ClCompile Include="d20.cpp">
      <Filter>Mods and Fixes</Filter>
    </ClCompile>
    <ClCompile Include="obj.cpp">
      <Filter>Mods and Fixes</Filter>
    </ClCompile>
    <ClCompile Include="portrait_in_mainmenu.cpp" />
    <ClCompile Include="gamelib_load.cpp">
      <Filter>Mods and Fixes</Filter>
    </ClCompile>
    <ClCompile Include="gamelib_save.cpp">
      <Filter>Mods and Fixes</Filter>
    </ClCompile>
    <ClCompile Include="obj_fieldnames.cpp">
      <Filter>utils</Filter>
    </ClCompile>
    <ClCompile Include="combat.cpp">
      <Filter>Mods and Fixes</Filter>
    </ClCompile>
    <ClCompile Include="radial_menu.cpp">
      <Filter>ui</Filter>
    </ClCompile>
    <ClCompile Include="description.cpp">
      <Filter>Mods and Fixes</Filter>
    </ClCompile>
    <ClCompile Include="map_obj.cpp" />
    <ClCompile Include="dispatcher.cpp">
      <Filter>Mods and Fixes</Filter>
    </ClCompile>
    <ClCompile Include="weapon.cpp">
      <Filter>Mods and Fixes</Filter>
    </ClCompile>
    <ClCompile Include="spell.cpp">
      <Filter>Mods and Fixes</Filter>
    </ClCompile>
    <ClCompile Include="condition.cpp">
      <Filter>Mods and Fixes</Filter>
    </ClCompile>
    <ClCompile Include="gamesystems_render.cpp" />
    <ClCompile Include="inventory.cpp">
      <Filter>Mods and Fixes</Filter>
    </ClCompile>
    <ClCompile Include="tig\tig_font.cpp">
      <Filter>tig</Filter>
    </ClCompile>
    <ClCompile Include="tig\tig_loadingscreen.cpp">
      <Filter>tig</Filter>
    </ClCompile>
    <ClCompile Include="tig\tig_mes.cpp">
      <Filter>tig</Filter>
    </ClCompile>
    <ClCompile Include="tig\tig_mouse.cpp">
      <Filter>tig</Filter>
    </ClCompile>
    <ClCompile Include="tig\tig_msg.cpp">
      <Filter>tig</Filter>
    </ClCompile>
    <ClCompile Include="tig\tig_shader.cpp">
      <Filter>tig</Filter>
    </ClCompile>
    <ClCompile Include="tig\tig_texture.cpp">
      <Filter>tig</Filter>
    </ClCompile>
    <ClCompile Include="tig\tig_tokenizer.cpp">
      <Filter>tig</Filter>
    </ClCompile>
    <ClCompile Include="tig\tig_init.cpp">
      <Filter>tig</Filter>
    </ClCompile>
    <ClCompile Include="faction.cpp">
      <Filter>Mods and Fixes</Filter>
    </ClCompile>
    <ClCompile Include="party.cpp">
      <Filter>Mods and Fixes</Filter>
    </ClCompile>
    <ClCompile Include="idxtables.cpp">
      <Filter>generic data structures</Filter>
    </ClCompile>
    <ClCompile Include="python\python.cpp">
      <Filter>python</Filter>
    </ClCompile>
    <ClCompile Include="python\python_debug.cpp">
      <Filter>python</Filter>
    </ClCompile>
    <ClCompile Include="python\pythonglobal.cpp">
      <Filter>python</Filter>
    </ClCompile>
    <ClCompile Include="ui\ui.cpp">
      <Filter>ui</Filter>
    </ClCompile>
    <ClCompile Include="ui\ui_text.cpp" />
    <ClCompile Include="ui\ui_render.cpp" />
    <ClCompile Include="ui\ui_mainmenu.cpp">
      <Filter>ui</Filter>
    </ClCompile>
    <ClCompile Include="ui\ui_char_highresfix.cpp" />
    <ClCompile Include="ui\ui_item_creation.cpp">
      <Filter>ui</Filter>
    </ClCompile>
    <ClCompile Include="util\addressess.cpp">
      <Filter>utils</Filter>
    </ClCompile>
    <ClCompile Include="util\config.cpp">
      <Filter>utils</Filter>
    </ClCompile>
    <ClCompile Include="util\fixes.cpp">
      <Filter>Mods and Fixes</Filter>
    </ClCompile>
    <ClCompile Include="util\folderutils.cpp">
      <Filter>utils</Filter>
    </ClCompile>
    <ClCompile Include="util\libraryholder.cpp">
      <Filter>utils</Filter>
    </ClCompile>
    <ClCompile Include="util\version.cpp" />
    <ClCompile Include="python\python_embed.cpp" />
    <ClCompile Include="python\python_importer.cpp" />
    <ClCompile Include="python\python_consoleout.cpp" />
    <ClCompile Include="python\python_game.cpp" />
    <ClCompile Include="action_sequence.cpp" />
    <ClCompile Include="float_line.cpp" />
    <ClCompile Include="location.cpp" />
    <ClCompile Include="renderstates.cpp" />
    <ClCompile Include="tig\tig.cpp" />
    <ClCompile Include="tig\tig_sound.cpp" />
    <ClCompile Include="tio\tio_utils.cpp" />
    <ClCompile Include="spell_condition.cpp" />
    <ClCompile Include="python\python_object.cpp" />
    <ClCompile Include="python\python_time.cpp" />
    <ClCompile Include="dependencies\minhook\src\buffer.c" />
    <ClCompile Include="dependencies\minhook\src\hook.c" />
    <ClCompile Include="dependencies\minhook\src\trampoline.c" />
    <ClCompile Include="dependencies\minhook\src\HDE\hde32.c" />
    <ClCompile Include="dependencies\minhook\src\HDE\hde64.c" />
    <ClCompile Include="python\python_scripts.cpp" />
    <ClCompile Include="python\python_integration.cpp" />
    <ClCompile Include="python\python_console.cpp" />
    <ClCompile Include="python\python_module.cpp" />
    <ClCompile Include="python\python_dice.cpp" />
    <ClCompile Include="dice.cpp" />
    <ClCompile Include="maps.cpp" />
    <ClCompile Include="python\python_objectscripts.cpp" />
    <ClCompile Include="fade.cpp" />
    <ClCompile Include="textbubbles.cpp" />
    <ClCompile Include="objlist.cpp" />
    <ClCompile Include="sound.cpp" />
    <ClCompile Include="particles.cpp" />
    <ClCompile Include="ui\ui_picker.cpp" />
    <ClCompile Include="ui\ui_dialog.cpp" />
    <ClCompile Include="ui\ui_tutorial.cpp" />
    <ClCompile Include="ai.cpp" />
    <ClCompile Include="bonus.cpp" />
    <ClCompile Include="critter.cpp" />
    <ClCompile Include="history.cpp" />
    <ClCompile Include="secret_door.cpp" />
    <ClCompile Include="skill.cpp" />
    <ClCompile Include="turn_based.cpp" />
    <ClCompile Include="dialog.cpp" />
    <ClCompile Include="damage.cpp" />
    <ClCompile Include="reputations.cpp" />
    <ClCompile Include="python\python_globalvars.cpp" />
    <ClCompile Include="python\python_globalflags.cpp" />
    <ClCompile Include="python\python_quests.cpp" />
    <ClCompile Include="quest.cpp" />
    <ClCompile Include="python\python_areas.cpp" />
    <ClCompile Include="python\python_counters.cpp" />
    <ClCompile Include="python\python_spell.cpp" />
    <ClCompile Include="float_line.cpp" />
    <ClCompile Include="location.cpp" />
    <ClCompile Include="secret_door.cpp">
      <Filter>Mods and Fixes</Filter>
    </ClCompile>
    <ClCompile Include="skill.cpp">
      <Filter>Mods and Fixes</Filter>
    </ClCompile>
    <ClCompile Include="history.cpp">
      <Filter>Mods and Fixes</Filter>
    </ClCompile>
    <ClCompile Include="bonus.cpp">
      <Filter>Mods and Fixes</Filter>
    </ClCompile>
    <ClCompile Include="ai.cpp">
      <Filter>Mods and Fixes</Filter>
    </ClCompile>
    <ClCompile Include="action_sequence.cpp">
      <Filter>Mods and Fixes</Filter>
    </ClCompile>
    <ClCompile Include="turn_based.cpp">
      <Filter>Mods and Fixes</Filter>
    </ClCompile>
    <ClCompile Include="critter.cpp">
      <Filter>Mods and Fixes</Filter>
    </ClCompile>
    <ClCompile Include="tab_file.cpp" />
    <ClCompile Include="d20_class.cpp">
      <Filter>Mods and Fixes</Filter>
    </ClCompile>
    <ClCompile Include="d20_status.cpp">
      <Filter>Mods and Fixes</Filter>
    </ClCompile>
    <ClCompile Include="objlist.cpp" />
    <ClCompile Include="ui\ui_picker.cpp">
      <Filter>ui</Filter>
    </ClCompile>
    <ClCompile Include="python\python_spell.cpp">
      <Filter>python</Filter>
    </ClCompile>
    <ClCompile Include="python\python_integration_spells.cpp" />
    <ClCompile Include="python\python_integration_obj.cpp" />
    <ClCompile Include="radialmenu.cpp" />
    <ClCompile Include="python\python_cheats.cpp" />
    <ClCompile Include="python\python_timeevents.cpp" />
    <ClCompile Include="python\python_tio.cpp" />
    <ClCompile Include="python\python_trap.cpp" />
    <ClCompile Include="traps.cpp" />
    <ClCompile Include="python\python_integration_encounter.cpp" />
    <ClCompile Include="python\python_integration_brawl.cpp" />
  </ItemGroup>
  <ItemGroup>
    <ClInclude Include="gamesystems.h" />
    <ClInclude Include="graphics.h" />
    <ClInclude Include="movies.h" />
    <ClInclude Include="stdafx.h" />
    <ClInclude Include="temple_functions.h" />
    <ClInclude Include="mainwindow.h" />
    <ClInclude Include="temple_enums.h" />
    <ClInclude Include="testhelper.h" />
    <ClInclude Include="aas.h" />
    <ClInclude Include="game_config.h" />
    <ClInclude Include="xp.h">
      <Filter>Mods and Fixes</Filter>
    </ClInclude>
    <ClInclude Include="d3d8\d3d8.h">
      <Filter>d3d</Filter>
    </ClInclude>
    <ClInclude Include="d3d8\d3d8caps.h">
      <Filter>d3d</Filter>
    </ClInclude>
    <ClInclude Include="d3d8to9\d3d8to9.h">
      <Filter>d3d</Filter>
    </ClInclude>
    <ClInclude Include="d3d8to9\d3d8to9_convert.h">
      <Filter>d3d</Filter>
    </ClInclude>
    <ClInclude Include="d3d8to9\d3d8to9_device.h">
      <Filter>d3d</Filter>
    </ClInclude>
    <ClInclude Include="d3d8to9\d3d8to9_indexbuffer.h">
      <Filter>d3d</Filter>
    </ClInclude>
    <ClInclude Include="d3d8to9\d3d8to9_private.h">
      <Filter>d3d</Filter>
    </ClInclude>
    <ClInclude Include="d3d8to9\d3d8to9_rootobj.h">
      <Filter>d3d</Filter>
    </ClInclude>
    <ClInclude Include="d3d8to9\d3d8to9_surface.h">
      <Filter>d3d</Filter>
    </ClInclude>
    <ClInclude Include="d3d8to9\d3d8to9_texture.h">
      <Filter>d3d</Filter>
    </ClInclude>
    <ClInclude Include="d3d8to9\d3d8to9_vertexbuffer.h">
      <Filter>d3d</Filter>
    </ClInclude>
    <ClInclude Include="d3d8\d3d8types.h">
      <Filter>d3d</Filter>
    </ClInclude>
    <ClInclude Include="timeevents.h" />
    <ClInclude Include="anim.h" />
    <ClInclude Include="pathfinding.h" />
    <ClInclude Include="mainloop.h" />
    <ClInclude Include="feat.h">
      <Filter>Mods and Fixes</Filter>
    </ClInclude>
    <ClInclude Include="d20.h">
      <Filter>Mods and Fixes</Filter>
    </ClInclude>
    <ClInclude Include="spell.h">
      <Filter>Mods and Fixes</Filter>
    </ClInclude>
    <ClInclude Include="obj.h">
      <Filter>Mods and Fixes</Filter>
    </ClInclude>
    <ClInclude Include="combat.h">
      <Filter>Mods and Fixes</Filter>
    </ClInclude>
    <ClInclude Include="radial_menu.h">
      <Filter>ui</Filter>
    </ClInclude>
    <ClInclude Include="obj_fieldnames.h">
      <Filter>utils</Filter>
    </ClInclude>
    <ClInclude Include="description.h">
      <Filter>Mods and Fixes</Filter>
    </ClInclude>
    <ClInclude Include="map_obj.h" />
    <ClInclude Include="dispatcher.h">
      <Filter>Mods and Fixes</Filter>
    </ClInclude>
    <ClInclude Include="obj_structs.h">
      <Filter>Mods and Fixes</Filter>
    </ClInclude>
    <ClInclude Include="spell_structs.h">
      <Filter>Mods and Fixes</Filter>
    </ClInclude>
    <ClInclude Include="common.h">
      <Filter>Mods and Fixes</Filter>
    </ClInclude>
    <ClInclude Include="d20_defs.h">
      <Filter>Mods and Fixes</Filter>
    </ClInclude>
    <ClInclude Include="weapon.h">
      <Filter>Mods and Fixes</Filter>
    </ClInclude>
    <ClInclude Include="condition.h">
      <Filter>Mods and Fixes</Filter>
    </ClInclude>
    <ClInclude Include="inventory.h">
      <Filter>Mods and Fixes</Filter>
    </ClInclude>
    <ClInclude Include="tig\tig.h">
      <Filter>tig</Filter>
    </ClInclude>
    <ClInclude Include="tig\tig_font.h">
      <Filter>tig</Filter>
    </ClInclude>
    <ClInclude Include="tig\tig_loadingscreen.h">
      <Filter>tig</Filter>
    </ClInclude>
    <ClInclude Include="tig\tig_mes.h">
      <Filter>tig</Filter>
    </ClInclude>
    <ClInclude Include="tig\tig_mouse.h">
      <Filter>tig</Filter>
    </ClInclude>
    <ClInclude Include="tig\tig_msg.h">
      <Filter>tig</Filter>
    </ClInclude>
    <ClInclude Include="tig\tig_shader.h">
      <Filter>tig</Filter>
    </ClInclude>
    <ClInclude Include="tig\tig_startup.h">
      <Filter>tig</Filter>
    </ClInclude>
    <ClInclude Include="tig\tig_texture.h">
      <Filter>tig</Filter>
    </ClInclude>
    <ClInclude Include="tig\tig_tokenizer.h">
      <Filter>tig</Filter>
    </ClInclude>
    <ClInclude Include="tig\tig_init.h">
      <Filter>tig</Filter>
    </ClInclude>
    <ClInclude Include="faction.h">
      <Filter>Mods and Fixes</Filter>
    </ClInclude>
    <ClInclude Include="party.h">
      <Filter>Mods and Fixes</Filter>
    </ClInclude>
    <ClInclude Include="idxtables.h">
      <Filter>generic data structures</Filter>
    </ClInclude>
    <ClInclude Include="hashtable.h">
      <Filter>generic data structures</Filter>
    </ClInclude>
    <ClInclude Include="python\python_debug.h">
      <Filter>python</Filter>
    </ClInclude>
    <ClInclude Include="python\python_header.h">
      <Filter>python</Filter>
    </ClInclude>
    <ClInclude Include="python\pythonglobal.h">
      <Filter>python</Filter>
    </ClInclude>
    <ClInclude Include="goalfuncnames.h" />
    <ClInclude Include="ui\ui_text.h" />
    <ClInclude Include="ui\ui_render.h" />
    <ClInclude Include="ui\ui_mainmenu.h">
      <Filter>ui</Filter>
    </ClInclude>
    <ClInclude Include="ui\ui_item_creation.h">
      <Filter>ui</Filter>
    </ClInclude>
    <ClInclude Include="ui\ui.h">
      <Filter>ui</Filter>
    </ClInclude>
    <ClInclude Include="util\addresses.h">
      <Filter>utils</Filter>
    </ClInclude>
    <ClInclude Include="util\config.h">
      <Filter>utils</Filter>
    </ClInclude>
    <ClInclude Include="util\exception.h" />
    <ClInclude Include="util\fixes.h">
      <Filter>Mods and Fixes</Filter>
    </ClInclude>
    <ClInclude Include="util\folderutils.h">
      <Filter>utils</Filter>
    </ClInclude>
    <ClInclude Include="util\libraryholder.h">
      <Filter>utils</Filter>
    </ClInclude>
    <ClInclude Include="util\version.h" />
    <ClInclude Include="util\stopwatch.h">
      <Filter>utils</Filter>
    </ClInclude>
    <ClInclude Include="tio\tio.h" />
    <ClInclude Include="python\python_importer.h" />
    <ClInclude Include="python\python_consoleout.h" />
    <ClInclude Include="python\python_game.h" />
    <ClInclude Include="action_sequence.h" />
    <ClInclude Include="float_line.h" />
    <ClInclude Include="location.h" />
    <ClInclude Include="renderstates.h" />
    <ClInclude Include="tig\tig_sound.h" />
    <ClInclude Include="tio\tio_utils.h" />
    <ClInclude Include="tig\tig_sound.h" />
    <ClInclude Include="float_line.h" />
    <ClInclude Include="location.h" />
    <ClInclude Include="secret_door.h">
      <Filter>Mods and Fixes</Filter>
    </ClInclude>
    <ClInclude Include="skill.h">
      <Filter>Mods and Fixes</Filter>
    </ClInclude>
    <ClInclude Include="history.h">
      <Filter>Mods and Fixes</Filter>
    </ClInclude>
    <ClInclude Include="bonus.h">
      <Filter>Mods and Fixes</Filter>
    </ClInclude>
    <ClInclude Include="ai.h">
      <Filter>Mods and Fixes</Filter>
    </ClInclude>
    <ClInclude Include="action_sequence.h">
      <Filter>Mods and Fixes</Filter>
    </ClInclude>
    <ClInclude Include="turn_based.h">
      <Filter>Mods and Fixes</Filter>
    </ClInclude>
    <ClInclude Include="critter.h">
      <Filter>Mods and Fixes</Filter>
    </ClInclude>
    <ClInclude Include="tab_file.h" />
    <ClInclude Include="d20_class.h">
      <Filter>Mods and Fixes</Filter>
    </ClInclude>
    <ClInclude Include="d20_status.h">
      <Filter>Mods and Fixes</Filter>
    </ClInclude>
    <ClInclude Include="ui\ui_picker.h">
      <Filter>ui</Filter>
    </ClInclude>
    <ClInclude Include="objlist.h" />
    <ClInclude Include="python\python_spell.h">
      <Filter>python</Filter>
    </ClInclude>
    <ClInclude Include="python\python_object.h" />
    <ClInclude Include="python\python_time.h" />
    <ClInclude Include="python\python_embed.h" />
    <ClInclude Include="dependencies\minhook\src\buffer.h" />
    <ClInclude Include="dependencies\minhook\src\trampoline.h" />
    <ClInclude Include="dependencies\minhook\src\HDE\hde32.h" />
    <ClInclude Include="dependencies\minhook\src\HDE\hde64.h" />
    <ClInclude Include="dependencies\minhook\src\HDE\pstdint.h" />
    <ClInclude Include="dependencies\minhook\src\HDE\table32.h" />
    <ClInclude Include="dependencies\minhook\src\HDE\table64.h" />
    <ClInclude Include="dependencies\minhook\include\MinHook.h" />
    <ClInclude Include="python\python_integration.h" />
    <ClInclude Include="python\python_console.h" />
    <ClInclude Include="python\python_error.h" />
    <ClInclude Include="python\python_module.h" />
    <ClInclude Include="python\python_support.h" />
    <ClInclude Include="python\python_dice.h" />
    <ClInclude Include="dice.h" />
    <ClInclude Include="maps.h" />
    <ClInclude Include="python\python_objectscripts.h" />
    <ClInclude Include="fade.h" />
    <ClInclude Include="textbubbles.h" />
    <ClInclude Include="objlist.h" />
    <ClInclude Include="util\mathutil.h" />
    <ClInclude Include="sound.h" />
    <ClInclude Include="particles.h" />
    <ClInclude Include="ui\ui_picker.h" />
    <ClInclude Include="ui\ui_dialog.h" />
    <ClInclude Include="ui\ui_tutorial.h" />
    <ClInclude Include="ai.h" />
    <ClInclude Include="bonus.h" />
    <ClInclude Include="critter.h" />
    <ClInclude Include="history.h" />
    <ClInclude Include="secret_door.h" />
    <ClInclude Include="skill.h" />
    <ClInclude Include="turn_based.h" />
    <ClInclude Include="dialog.h" />
    <ClInclude Include="damage.h" />
    <ClInclude Include="reputations.h" />
    <ClInclude Include="util\stringutil.h" />
    <ClInclude Include="python\python_globalvars.h" />
    <ClInclude Include="python\python_globalflags.h" />
    <ClInclude Include="python\python_quests.h" />
    <ClInclude Include="quest.h" />
    <ClInclude Include="python\python_areas.h" />
    <ClInclude Include="python\python_counters.h" />
    <ClInclude Include="python\python_spell.h" />
    <ClInclude Include="python\python_integration_spells.h" />
    <ClInclude Include="python\python_integration_obj.h" />
    <ClInclude Include="radialmenu.h" />
    <ClInclude Include="python\python_cheats.h" />
    <ClInclude Include="gamelib_private.h" />
    <ClInclude Include="python\python_timeevents.h" />
    <ClInclude Include="python\python_tio.h" />
    <ClInclude Include="python\python_trap.h" />
    <ClInclude Include="tig\tig_tabparser.h" />
    <ClInclude Include="traps.h" />
  </ItemGroup>
  <ItemGroup>
    <Filter Include="Mods and Fixes">
      <UniqueIdentifier>{16476d0b-e734-44fe-9cae-2e14bb4ee82b}</UniqueIdentifier>
    </Filter>
    <Filter Include="tig">
      <UniqueIdentifier>{c43770f8-71a3-4e2c-b97f-6390dae5f4e6}</UniqueIdentifier>
    </Filter>
    <Filter Include="d3d">
      <UniqueIdentifier>{4bd0836b-6efd-4244-81d1-83eb3c7635d5}</UniqueIdentifier>
    </Filter>
    <Filter Include="ui">
      <UniqueIdentifier>{195f3d3d-0968-44d0-8e72-4d9461dacce0}</UniqueIdentifier>
    </Filter>
    <Filter Include="python">
      <UniqueIdentifier>{ea100e12-e4d1-4df0-8ed7-e2ba3025f6e5}</UniqueIdentifier>
    </Filter>
    <ClInclude Include="aas.h" />
    <ClInclude Include="dependencies\cppformat\format.h">
      <Filter>Dependencies\cppformat</Filter>
    </ClInclude>
    <ClInclude Include="dependencies\spdlog\async_logger.h">
      <Filter>Dependencies\spdlog</Filter>
    </ClInclude>
    <ClInclude Include="dependencies\spdlog\common.h">
      <Filter>Dependencies\spdlog</Filter>
    </ClInclude>
    <ClInclude Include="dependencies\spdlog\formatter.h">
      <Filter>Dependencies\spdlog</Filter>
    </ClInclude>
    <ClInclude Include="dependencies\spdlog\logger.h">
      <Filter>Dependencies\spdlog</Filter>
    </ClInclude>
    <ClInclude Include="dependencies\spdlog\spdlog.h">
      <Filter>Dependencies\spdlog</Filter>
    </ClInclude>
    <ClInclude Include="dependencies\feather-ini\INI.h">
      <Filter>Dependencies\featherini</Filter>
    </ClInclude>
    <ClInclude Include="dependencies\json11\json11.hpp">
      <Filter>Dependencies\json11</Filter>
    </ClInclude>
    <Filter Include="utils">
      <UniqueIdentifier>{66b79c6d-b1d5-4441-b7c0-6af6c3fc49a8}</UniqueIdentifier>
    </Filter>
    <Filter Include="resources">
      <UniqueIdentifier>{c55bf3c4-caa1-41f3-8954-f4017d3b70e6}</UniqueIdentifier>
    </Filter>
    <Filter Include="generic data structures">
      <UniqueIdentifier>{9fef2488-221b-44e8-90ae-f5cf72e4b8b1}</UniqueIdentifier>
    </Filter>
  </ItemGroup>
  <ItemGroup>
    <Text Include="..\Spellslinger%27s Notes\bonusspells.txt">
      <Filter>Mods and Fixes</Filter>
    </Text>
    <Text Include="appveyor.yml" />
  </ItemGroup>
  <ItemGroup>
    <Filter Include="Dependencies">
      <UniqueIdentifier>{19c3791b-555a-4456-8131-5c09f9116f00}</UniqueIdentifier>
    </Filter>
    <Filter Include="Dependencies\cppformat">
      <UniqueIdentifier>{f337e661-8b3d-412c-8a28-5c1b90ea972a}</UniqueIdentifier>
    </Filter>
    <Filter Include="Dependencies\minhook">
      <UniqueIdentifier>{256b0e85-1958-4443-9c02-4a5fe6890179}</UniqueIdentifier>
    </Filter>
    <Filter Include="Dependencies\spdlog">
      <UniqueIdentifier>{67a9704a-41d0-406d-8b05-c5a034a5c44f}</UniqueIdentifier>
    </Filter>
    <Filter Include="Dependencies\featherini">
      <UniqueIdentifier>{94170950-96c6-419a-91d3-0a01f9c5135d}</UniqueIdentifier>
    </Filter>
    <Filter Include="Dependencies\json11">
      <UniqueIdentifier>{97b9d78b-2f33-42c0-ab85-0761747bf9bd}</UniqueIdentifier>
    </Filter>
  </ItemGroup>
  <ItemGroup>
    <None Include="dependencies\spdlog\LICENSE">
      <Filter>Dependencies\spdlog</Filter>
    </None>
    <None Include="LICENSE" />
    <None Include="README.md" />
  </ItemGroup>
  <ItemGroup>
    <Image Include="toee_gog_icon.ico">
      <Filter>resources</Filter>
    </Image>
  </ItemGroup>
  <ItemGroup>
    <ResourceCompile Include="resource.rc">
      <Filter>resources</Filter>
    </ResourceCompile>
  </ItemGroup>
</Project>