
Microsoft Visual Studio Solution File, Format Version 12.00
# Visual Studio 14
VisualStudioVersion = 14.0.23107.0
MinimumVisualStudioVersion = 10.0.40219.1
Project("{8BC9CEB8-8B4A-11D0-8D11-00A0C91BC942}") = "TemplePlus", "TemplePlus.vcxproj", "{3E3B6C43-8C76-4CD5-BCF8-3F2B9C5178FE}"
	ProjectSection(ProjectDependencies) = postProject
		{23AD6E36-FA90-4A0D-A1F4-6BFCDBCBDC7C} = {23AD6E36-FA90-4A0D-A1F4-6BFCDBCBDC7C}
		{006F5B8A-F75F-413C-AD3A-E004CA8DDF26} = {006F5B8A-F75F-413C-AD3A-E004CA8DDF26}
		{1B31FA8F-05BB-4F59-98D5-6E0D7CE21B12} = {1B31FA8F-05BB-4F59-98D5-6E0D7CE21B12}
	EndProjectSection
EndProject
Project("{8BC9CEB8-8B4A-11D0-8D11-00A0C91BC942}") = "MinHook", "MinHook\MinHook.vcxproj", "{23AD6E36-FA90-4A0D-A1F4-6BFCDBCBDC7C}"
EndProject
Project("{8BC9CEB8-8B4A-11D0-8D11-00A0C91BC942}") = "D3D8Adapter", "D3D8Adapter\D3D8Adapter.vcxproj", "{1B31FA8F-05BB-4F59-98D5-6E0D7CE21B12}"
	ProjectSection(ProjectDependencies) = postProject
		{006F5B8A-F75F-413C-AD3A-E004CA8DDF26} = {006F5B8A-F75F-413C-AD3A-E004CA8DDF26}
	EndProjectSection
EndProject
Project("{8BC9CEB8-8B4A-11D0-8D11-00A0C91BC942}") = "Infrastructure", "Infrastructure\Infrastructure.vcxproj", "{006F5B8A-F75F-413C-AD3A-E004CA8DDF26}"
EndProject
Project("{8BC9CEB8-8B4A-11D0-8D11-00A0C91BC942}") = "ParticleSystems", "ParticleSystems\ParticleSystems.vcxproj", "{A806CAFA-9FF2-42DC-A02F-7E57EF2AB867}"
EndProject
Project("{2150E333-8FDC-42A3-9474-1A3956D46DE8}") = "Tests", "Tests", "{220FAFFE-3FE2-45DA-888C-85D39478FD80}"
EndProject
Project("{8BC9CEB8-8B4A-11D0-8D11-00A0C91BC942}") = "GoogleTest", "Tests\GoogleTest\GoogleTest.vcxproj", "{D5A52F46-1058-4AF7-9B6B-73DDC07EDD69}"
EndProject
Project("{8BC9CEB8-8B4A-11D0-8D11-00A0C91BC942}") = "PartSysTests", "Tests\PartSysTests\PartSysTests.vcxproj", "{6DD4A3A9-B87E-47D4-89B3-527FC519A62F}"
EndProject
Project("{2150E333-8FDC-42A3-9474-1A3956D46DE8}") = "Tools", "Tools", "{891A4D44-5530-47B8-9E9A-16ED21527718}"
EndProject
Project("{8BC9CEB8-8B4A-11D0-8D11-00A0C91BC942}") = "ParticleEditorNative", "Tools\ParticleEditorNative\ParticleEditorNative.vcxproj", "{76A16770-4B67-46E0-94F9-27677924B9C6}"
EndProject
Project("{FAE04EC0-301F-11D3-BF4B-00C04F79EFBC}") = "ParticleEditor", "Tools\ParticleEditor\ParticleEditor.csproj", "{4FE2387E-C44D-465C-A95D-373476AAA0C6}"
EndProject
Project("{FAE04EC0-301F-11D3-BF4B-00C04F79EFBC}") = "ParticleEditorTests", "Tools\ParticleEditorTests\ParticleEditorTests.csproj", "{B5F786F8-5F0F-4CF3-B0C4-7A7443C02F29}"
EndProject
Project("{FAE04EC0-301F-11D3-BF4B-00C04F79EFBC}") = "ParticleModel", "Tools\ParticleModel\ParticleModel.csproj", "{219653A0-8F96-4A78-9411-354D9B5073CB}"
EndProject
Global
	GlobalSection(SolutionConfigurationPlatforms) = preSolution
		Debug|Any CPU = Debug|Any CPU
		Debug|Win32 = Debug|Win32
		Debug|x64 = Debug|x64
		Release|Any CPU = Release|Any CPU
		Release|Win32 = Release|Win32
		Release|x64 = Release|x64
		TestWithIda|Any CPU = TestWithIda|Any CPU
		TestWithIda|Win32 = TestWithIda|Win32
		TestWithIda|x64 = TestWithIda|x64
	EndGlobalSection
	GlobalSection(ProjectConfigurationPlatforms) = postSolution
		{3E3B6C43-8C76-4CD5-BCF8-3F2B9C5178FE}.Debug|Any CPU.ActiveCfg = Debug|Win32
		{3E3B6C43-8C76-4CD5-BCF8-3F2B9C5178FE}.Debug|Win32.ActiveCfg = Debug|Win32
		{3E3B6C43-8C76-4CD5-BCF8-3F2B9C5178FE}.Debug|Win32.Build.0 = Debug|Win32
		{3E3B6C43-8C76-4CD5-BCF8-3F2B9C5178FE}.Debug|x64.ActiveCfg = Debug|Win32
		{3E3B6C43-8C76-4CD5-BCF8-3F2B9C5178FE}.Release|Any CPU.ActiveCfg = Release|Win32
		{3E3B6C43-8C76-4CD5-BCF8-3F2B9C5178FE}.Release|Win32.ActiveCfg = Release|Win32
		{3E3B6C43-8C76-4CD5-BCF8-3F2B9C5178FE}.Release|Win32.Build.0 = Release|Win32
		{3E3B6C43-8C76-4CD5-BCF8-3F2B9C5178FE}.Release|Win32.Deploy.0 = Release|Win32
		{3E3B6C43-8C76-4CD5-BCF8-3F2B9C5178FE}.Release|x64.ActiveCfg = Release|Win32
		{3E3B6C43-8C76-4CD5-BCF8-3F2B9C5178FE}.TestWithIda|Any CPU.ActiveCfg = TestWithIda|Win32
		{3E3B6C43-8C76-4CD5-BCF8-3F2B9C5178FE}.TestWithIda|Win32.ActiveCfg = TestWithIda|Win32
		{3E3B6C43-8C76-4CD5-BCF8-3F2B9C5178FE}.TestWithIda|Win32.Build.0 = TestWithIda|Win32
		{3E3B6C43-8C76-4CD5-BCF8-3F2B9C5178FE}.TestWithIda|Win32.Deploy.0 = TestWithIda|Win32
		{3E3B6C43-8C76-4CD5-BCF8-3F2B9C5178FE}.TestWithIda|x64.ActiveCfg = TestWithIda|Win32
		{23AD6E36-FA90-4A0D-A1F4-6BFCDBCBDC7C}.Debug|Any CPU.ActiveCfg = Debug|Win32
		{23AD6E36-FA90-4A0D-A1F4-6BFCDBCBDC7C}.Debug|Win32.ActiveCfg = Debug|Win32
		{23AD6E36-FA90-4A0D-A1F4-6BFCDBCBDC7C}.Debug|Win32.Build.0 = Debug|Win32
		{23AD6E36-FA90-4A0D-A1F4-6BFCDBCBDC7C}.Debug|x64.ActiveCfg = Debug|x64
		{23AD6E36-FA90-4A0D-A1F4-6BFCDBCBDC7C}.Debug|x64.Build.0 = Debug|x64
		{23AD6E36-FA90-4A0D-A1F4-6BFCDBCBDC7C}.Release|Any CPU.ActiveCfg = Release|Win32
		{23AD6E36-FA90-4A0D-A1F4-6BFCDBCBDC7C}.Release|Win32.ActiveCfg = Release|Win32
		{23AD6E36-FA90-4A0D-A1F4-6BFCDBCBDC7C}.Release|Win32.Build.0 = Release|Win32
		{23AD6E36-FA90-4A0D-A1F4-6BFCDBCBDC7C}.Release|x64.ActiveCfg = Release|x64
		{23AD6E36-FA90-4A0D-A1F4-6BFCDBCBDC7C}.Release|x64.Build.0 = Release|x64
		{23AD6E36-FA90-4A0D-A1F4-6BFCDBCBDC7C}.TestWithIda|Any CPU.ActiveCfg = Release|x64
		{23AD6E36-FA90-4A0D-A1F4-6BFCDBCBDC7C}.TestWithIda|Any CPU.Build.0 = Release|x64
		{23AD6E36-FA90-4A0D-A1F4-6BFCDBCBDC7C}.TestWithIda|Win32.ActiveCfg = Release|Win32
		{23AD6E36-FA90-4A0D-A1F4-6BFCDBCBDC7C}.TestWithIda|Win32.Build.0 = Release|Win32
		{23AD6E36-FA90-4A0D-A1F4-6BFCDBCBDC7C}.TestWithIda|x64.ActiveCfg = Release|x64
		{23AD6E36-FA90-4A0D-A1F4-6BFCDBCBDC7C}.TestWithIda|x64.Build.0 = Release|x64
		{1B31FA8F-05BB-4F59-98D5-6E0D7CE21B12}.Debug|Any CPU.ActiveCfg = Debug|Win32
		{1B31FA8F-05BB-4F59-98D5-6E0D7CE21B12}.Debug|Win32.ActiveCfg = Debug|Win32
		{1B31FA8F-05BB-4F59-98D5-6E0D7CE21B12}.Debug|Win32.Build.0 = Debug|Win32
		{1B31FA8F-05BB-4F59-98D5-6E0D7CE21B12}.Debug|x64.ActiveCfg = Debug|x64
		{1B31FA8F-05BB-4F59-98D5-6E0D7CE21B12}.Debug|x64.Build.0 = Debug|x64
		{1B31FA8F-05BB-4F59-98D5-6E0D7CE21B12}.Release|Any CPU.ActiveCfg = Release|Win32
		{1B31FA8F-05BB-4F59-98D5-6E0D7CE21B12}.Release|Win32.ActiveCfg = Release|Win32
		{1B31FA8F-05BB-4F59-98D5-6E0D7CE21B12}.Release|Win32.Build.0 = Release|Win32
		{1B31FA8F-05BB-4F59-98D5-6E0D7CE21B12}.Release|x64.ActiveCfg = Release|x64
		{1B31FA8F-05BB-4F59-98D5-6E0D7CE21B12}.Release|x64.Build.0 = Release|x64
		{1B31FA8F-05BB-4F59-98D5-6E0D7CE21B12}.TestWithIda|Any CPU.ActiveCfg = Release|x64
		{1B31FA8F-05BB-4F59-98D5-6E0D7CE21B12}.TestWithIda|Any CPU.Build.0 = Release|x64
		{1B31FA8F-05BB-4F59-98D5-6E0D7CE21B12}.TestWithIda|Win32.ActiveCfg = Release|Win32
		{1B31FA8F-05BB-4F59-98D5-6E0D7CE21B12}.TestWithIda|Win32.Build.0 = Release|Win32
		{1B31FA8F-05BB-4F59-98D5-6E0D7CE21B12}.TestWithIda|x64.ActiveCfg = Release|x64
		{1B31FA8F-05BB-4F59-98D5-6E0D7CE21B12}.TestWithIda|x64.Build.0 = Release|x64
		{006F5B8A-F75F-413C-AD3A-E004CA8DDF26}.Debug|Any CPU.ActiveCfg = Debug|Win32
		{006F5B8A-F75F-413C-AD3A-E004CA8DDF26}.Debug|Win32.ActiveCfg = Debug|Win32
		{006F5B8A-F75F-413C-AD3A-E004CA8DDF26}.Debug|Win32.Build.0 = Debug|Win32
		{006F5B8A-F75F-413C-AD3A-E004CA8DDF26}.Debug|x64.ActiveCfg = Debug|x64
		{006F5B8A-F75F-413C-AD3A-E004CA8DDF26}.Debug|x64.Build.0 = Debug|x64
		{006F5B8A-F75F-413C-AD3A-E004CA8DDF26}.Release|Any CPU.ActiveCfg = Release|Win32
		{006F5B8A-F75F-413C-AD3A-E004CA8DDF26}.Release|Win32.ActiveCfg = Release|Win32
		{006F5B8A-F75F-413C-AD3A-E004CA8DDF26}.Release|Win32.Build.0 = Release|Win32
		{006F5B8A-F75F-413C-AD3A-E004CA8DDF26}.Release|x64.ActiveCfg = Release|x64
		{006F5B8A-F75F-413C-AD3A-E004CA8DDF26}.Release|x64.Build.0 = Release|x64
		{006F5B8A-F75F-413C-AD3A-E004CA8DDF26}.TestWithIda|Any CPU.ActiveCfg = Release|x64
		{006F5B8A-F75F-413C-AD3A-E004CA8DDF26}.TestWithIda|Any CPU.Build.0 = Release|x64
		{006F5B8A-F75F-413C-AD3A-E004CA8DDF26}.TestWithIda|Win32.ActiveCfg = Release|Win32
		{006F5B8A-F75F-413C-AD3A-E004CA8DDF26}.TestWithIda|Win32.Build.0 = Release|Win32
		{006F5B8A-F75F-413C-AD3A-E004CA8DDF26}.TestWithIda|x64.ActiveCfg = Release|x64
		{006F5B8A-F75F-413C-AD3A-E004CA8DDF26}.TestWithIda|x64.Build.0 = Release|x64
		{A806CAFA-9FF2-42DC-A02F-7E57EF2AB867}.Debug|Any CPU.ActiveCfg = Debug|Win32
		{A806CAFA-9FF2-42DC-A02F-7E57EF2AB867}.Debug|Win32.ActiveCfg = Debug|Win32
		{A806CAFA-9FF2-42DC-A02F-7E57EF2AB867}.Debug|Win32.Build.0 = Debug|Win32
		{A806CAFA-9FF2-42DC-A02F-7E57EF2AB867}.Debug|x64.ActiveCfg = Debug|x64
		{A806CAFA-9FF2-42DC-A02F-7E57EF2AB867}.Debug|x64.Build.0 = Debug|x64
		{A806CAFA-9FF2-42DC-A02F-7E57EF2AB867}.Release|Any CPU.ActiveCfg = Release|Win32
		{A806CAFA-9FF2-42DC-A02F-7E57EF2AB867}.Release|Win32.ActiveCfg = Release|Win32
		{A806CAFA-9FF2-42DC-A02F-7E57EF2AB867}.Release|Win32.Build.0 = Release|Win32
		{A806CAFA-9FF2-42DC-A02F-7E57EF2AB867}.Release|x64.ActiveCfg = Release|x64
		{A806CAFA-9FF2-42DC-A02F-7E57EF2AB867}.Release|x64.Build.0 = Release|x64
		{A806CAFA-9FF2-42DC-A02F-7E57EF2AB867}.TestWithIda|Any CPU.ActiveCfg = Release|x64
		{A806CAFA-9FF2-42DC-A02F-7E57EF2AB867}.TestWithIda|Any CPU.Build.0 = Release|x64
		{A806CAFA-9FF2-42DC-A02F-7E57EF2AB867}.TestWithIda|Win32.ActiveCfg = Release|Win32
		{A806CAFA-9FF2-42DC-A02F-7E57EF2AB867}.TestWithIda|Win32.Build.0 = Release|Win32
		{A806CAFA-9FF2-42DC-A02F-7E57EF2AB867}.TestWithIda|x64.ActiveCfg = Release|x64
		{A806CAFA-9FF2-42DC-A02F-7E57EF2AB867}.TestWithIda|x64.Build.0 = Release|x64
		{D5A52F46-1058-4AF7-9B6B-73DDC07EDD69}.Debug|Any CPU.ActiveCfg = Debug|Win32
		{D5A52F46-1058-4AF7-9B6B-73DDC07EDD69}.Debug|Win32.ActiveCfg = Debug|Win32
		{D5A52F46-1058-4AF7-9B6B-73DDC07EDD69}.Debug|Win32.Build.0 = Debug|Win32
		{D5A52F46-1058-4AF7-9B6B-73DDC07EDD69}.Debug|x64.ActiveCfg = Debug|x64
		{D5A52F46-1058-4AF7-9B6B-73DDC07EDD69}.Debug|x64.Build.0 = Debug|x64
		{D5A52F46-1058-4AF7-9B6B-73DDC07EDD69}.Release|Any CPU.ActiveCfg = Release|Win32
		{D5A52F46-1058-4AF7-9B6B-73DDC07EDD69}.Release|Win32.ActiveCfg = Release|Win32
		{D5A52F46-1058-4AF7-9B6B-73DDC07EDD69}.Release|Win32.Build.0 = Release|Win32
		{D5A52F46-1058-4AF7-9B6B-73DDC07EDD69}.Release|x64.ActiveCfg = Release|x64
		{D5A52F46-1058-4AF7-9B6B-73DDC07EDD69}.Release|x64.Build.0 = Release|x64
		{D5A52F46-1058-4AF7-9B6B-73DDC07EDD69}.TestWithIda|Any CPU.ActiveCfg = Release|x64
		{D5A52F46-1058-4AF7-9B6B-73DDC07EDD69}.TestWithIda|Any CPU.Build.0 = Release|x64
		{D5A52F46-1058-4AF7-9B6B-73DDC07EDD69}.TestWithIda|Win32.ActiveCfg = Release|Win32
		{D5A52F46-1058-4AF7-9B6B-73DDC07EDD69}.TestWithIda|Win32.Build.0 = Release|Win32
		{D5A52F46-1058-4AF7-9B6B-73DDC07EDD69}.TestWithIda|x64.ActiveCfg = Release|x64
		{D5A52F46-1058-4AF7-9B6B-73DDC07EDD69}.TestWithIda|x64.Build.0 = Release|x64
		{6DD4A3A9-B87E-47D4-89B3-527FC519A62F}.Debug|Any CPU.ActiveCfg = Debug|Win32
		{6DD4A3A9-B87E-47D4-89B3-527FC519A62F}.Debug|Win32.ActiveCfg = Debug|Win32
		{6DD4A3A9-B87E-47D4-89B3-527FC519A62F}.Debug|Win32.Build.0 = Debug|Win32
		{6DD4A3A9-B87E-47D4-89B3-527FC519A62F}.Debug|x64.ActiveCfg = Debug|x64
		{6DD4A3A9-B87E-47D4-89B3-527FC519A62F}.Debug|x64.Build.0 = Debug|x64
		{6DD4A3A9-B87E-47D4-89B3-527FC519A62F}.Release|Any CPU.ActiveCfg = Release|Win32
		{6DD4A3A9-B87E-47D4-89B3-527FC519A62F}.Release|Win32.ActiveCfg = Release|Win32
		{6DD4A3A9-B87E-47D4-89B3-527FC519A62F}.Release|Win32.Build.0 = Release|Win32
		{6DD4A3A9-B87E-47D4-89B3-527FC519A62F}.Release|x64.ActiveCfg = Release|x64
		{6DD4A3A9-B87E-47D4-89B3-527FC519A62F}.Release|x64.Build.0 = Release|x64
		{6DD4A3A9-B87E-47D4-89B3-527FC519A62F}.TestWithIda|Any CPU.ActiveCfg = Release|x64
		{6DD4A3A9-B87E-47D4-89B3-527FC519A62F}.TestWithIda|Any CPU.Build.0 = Release|x64
		{6DD4A3A9-B87E-47D4-89B3-527FC519A62F}.TestWithIda|Win32.ActiveCfg = Release|Win32
		{6DD4A3A9-B87E-47D4-89B3-527FC519A62F}.TestWithIda|Win32.Build.0 = Release|Win32
		{6DD4A3A9-B87E-47D4-89B3-527FC519A62F}.TestWithIda|x64.ActiveCfg = Release|x64
		{6DD4A3A9-B87E-47D4-89B3-527FC519A62F}.TestWithIda|x64.Build.0 = Release|x64
		{76A16770-4B67-46E0-94F9-27677924B9C6}.Debug|Any CPU.ActiveCfg = Debug|Win32
		{76A16770-4B67-46E0-94F9-27677924B9C6}.Debug|Win32.ActiveCfg = Debug|Win32
		{76A16770-4B67-46E0-94F9-27677924B9C6}.Debug|Win32.Build.0 = Debug|Win32
		{76A16770-4B67-46E0-94F9-27677924B9C6}.Debug|x64.ActiveCfg = Debug|x64
		{76A16770-4B67-46E0-94F9-27677924B9C6}.Debug|x64.Build.0 = Debug|x64
		{76A16770-4B67-46E0-94F9-27677924B9C6}.Release|Any CPU.ActiveCfg = Release|Win32
		{76A16770-4B67-46E0-94F9-27677924B9C6}.Release|Win32.ActiveCfg = Release|Win32
		{76A16770-4B67-46E0-94F9-27677924B9C6}.Release|Win32.Build.0 = Release|Win32
		{76A16770-4B67-46E0-94F9-27677924B9C6}.Release|x64.ActiveCfg = Release|x64
		{76A16770-4B67-46E0-94F9-27677924B9C6}.Release|x64.Build.0 = Release|x64
		{76A16770-4B67-46E0-94F9-27677924B9C6}.TestWithIda|Any CPU.ActiveCfg = Release|x64
		{76A16770-4B67-46E0-94F9-27677924B9C6}.TestWithIda|Any CPU.Build.0 = Release|x64
		{76A16770-4B67-46E0-94F9-27677924B9C6}.TestWithIda|Win32.ActiveCfg = Release|Win32
		{76A16770-4B67-46E0-94F9-27677924B9C6}.TestWithIda|Win32.Build.0 = Release|Win32
		{76A16770-4B67-46E0-94F9-27677924B9C6}.TestWithIda|x64.ActiveCfg = Release|x64
		{76A16770-4B67-46E0-94F9-27677924B9C6}.TestWithIda|x64.Build.0 = Release|x64
		{4FE2387E-C44D-465C-A95D-373476AAA0C6}.Debug|Any CPU.ActiveCfg = Debug|Any CPU
		{4FE2387E-C44D-465C-A95D-373476AAA0C6}.Debug|Any CPU.Build.0 = Debug|Any CPU
		{4FE2387E-C44D-465C-A95D-373476AAA0C6}.Debug|Win32.ActiveCfg = Debug|Any CPU
		{4FE2387E-C44D-465C-A95D-373476AAA0C6}.Debug|Win32.Build.0 = Debug|Any CPU
		{4FE2387E-C44D-465C-A95D-373476AAA0C6}.Debug|x64.ActiveCfg = Debug|Any CPU
		{4FE2387E-C44D-465C-A95D-373476AAA0C6}.Debug|x64.Build.0 = Debug|Any CPU
		{4FE2387E-C44D-465C-A95D-373476AAA0C6}.Release|Any CPU.ActiveCfg = Release|Any CPU
		{4FE2387E-C44D-465C-A95D-373476AAA0C6}.Release|Any CPU.Build.0 = Release|Any CPU
		{4FE2387E-C44D-465C-A95D-373476AAA0C6}.Release|Win32.ActiveCfg = Release|Any CPU
		{4FE2387E-C44D-465C-A95D-373476AAA0C6}.Release|Win32.Build.0 = Release|Any CPU
		{4FE2387E-C44D-465C-A95D-373476AAA0C6}.Release|x64.ActiveCfg = Release|Any CPU
		{4FE2387E-C44D-465C-A95D-373476AAA0C6}.Release|x64.Build.0 = Release|Any CPU
		{4FE2387E-C44D-465C-A95D-373476AAA0C6}.TestWithIda|Any CPU.ActiveCfg = Release|Any CPU
		{4FE2387E-C44D-465C-A95D-373476AAA0C6}.TestWithIda|Any CPU.Build.0 = Release|Any CPU
		{4FE2387E-C44D-465C-A95D-373476AAA0C6}.TestWithIda|Win32.ActiveCfg = Release|Any CPU
		{4FE2387E-C44D-465C-A95D-373476AAA0C6}.TestWithIda|Win32.Build.0 = Release|Any CPU
		{4FE2387E-C44D-465C-A95D-373476AAA0C6}.TestWithIda|x64.ActiveCfg = Release|Any CPU
		{4FE2387E-C44D-465C-A95D-373476AAA0C6}.TestWithIda|x64.Build.0 = Release|Any CPU
		{B5F786F8-5F0F-4CF3-B0C4-7A7443C02F29}.Debug|Any CPU.ActiveCfg = Debug|Any CPU
		{B5F786F8-5F0F-4CF3-B0C4-7A7443C02F29}.Debug|Any CPU.Build.0 = Debug|Any CPU
		{B5F786F8-5F0F-4CF3-B0C4-7A7443C02F29}.Debug|Win32.ActiveCfg = Debug|Any CPU
		{B5F786F8-5F0F-4CF3-B0C4-7A7443C02F29}.Debug|Win32.Build.0 = Debug|Any CPU
		{B5F786F8-5F0F-4CF3-B0C4-7A7443C02F29}.Debug|x64.ActiveCfg = Debug|Any CPU
		{B5F786F8-5F0F-4CF3-B0C4-7A7443C02F29}.Debug|x64.Build.0 = Debug|Any CPU
		{B5F786F8-5F0F-4CF3-B0C4-7A7443C02F29}.Release|Any CPU.ActiveCfg = Release|Any CPU
		{B5F786F8-5F0F-4CF3-B0C4-7A7443C02F29}.Release|Any CPU.Build.0 = Release|Any CPU
		{B5F786F8-5F0F-4CF3-B0C4-7A7443C02F29}.Release|Win32.ActiveCfg = Release|Any CPU
		{B5F786F8-5F0F-4CF3-B0C4-7A7443C02F29}.Release|Win32.Build.0 = Release|Any CPU
		{B5F786F8-5F0F-4CF3-B0C4-7A7443C02F29}.Release|x64.ActiveCfg = Release|Any CPU
		{B5F786F8-5F0F-4CF3-B0C4-7A7443C02F29}.Release|x64.Build.0 = Release|Any CPU
		{B5F786F8-5F0F-4CF3-B0C4-7A7443C02F29}.TestWithIda|Any CPU.ActiveCfg = Release|Any CPU
		{B5F786F8-5F0F-4CF3-B0C4-7A7443C02F29}.TestWithIda|Any CPU.Build.0 = Release|Any CPU
		{B5F786F8-5F0F-4CF3-B0C4-7A7443C02F29}.TestWithIda|Win32.ActiveCfg = Release|Any CPU
		{B5F786F8-5F0F-4CF3-B0C4-7A7443C02F29}.TestWithIda|Win32.Build.0 = Release|Any CPU
		{B5F786F8-5F0F-4CF3-B0C4-7A7443C02F29}.TestWithIda|x64.ActiveCfg = Release|Any CPU
		{B5F786F8-5F0F-4CF3-B0C4-7A7443C02F29}.TestWithIda|x64.Build.0 = Release|Any CPU
		{219653A0-8F96-4A78-9411-354D9B5073CB}.Debug|Any CPU.ActiveCfg = Debug|Any CPU
		{219653A0-8F96-4A78-9411-354D9B5073CB}.Debug|Any CPU.Build.0 = Debug|Any CPU
		{219653A0-8F96-4A78-9411-354D9B5073CB}.Debug|Win32.ActiveCfg = Debug|Any CPU
		{219653A0-8F96-4A78-9411-354D9B5073CB}.Debug|Win32.Build.0 = Debug|Any CPU
		{219653A0-8F96-4A78-9411-354D9B5073CB}.Debug|x64.ActiveCfg = Debug|Any CPU
		{219653A0-8F96-4A78-9411-354D9B5073CB}.Debug|x64.Build.0 = Debug|Any CPU
		{219653A0-8F96-4A78-9411-354D9B5073CB}.Release|Any CPU.ActiveCfg = Release|Any CPU
		{219653A0-8F96-4A78-9411-354D9B5073CB}.Release|Any CPU.Build.0 = Release|Any CPU
		{219653A0-8F96-4A78-9411-354D9B5073CB}.Release|Win32.ActiveCfg = Release|Any CPU
		{219653A0-8F96-4A78-9411-354D9B5073CB}.Release|Win32.Build.0 = Release|Any CPU
		{219653A0-8F96-4A78-9411-354D9B5073CB}.Release|x64.ActiveCfg = Release|Any CPU
		{219653A0-8F96-4A78-9411-354D9B5073CB}.Release|x64.Build.0 = Release|Any CPU
		{219653A0-8F96-4A78-9411-354D9B5073CB}.TestWithIda|Any CPU.ActiveCfg = Release|Any CPU
		{219653A0-8F96-4A78-9411-354D9B5073CB}.TestWithIda|Any CPU.Build.0 = Release|Any CPU
		{219653A0-8F96-4A78-9411-354D9B5073CB}.TestWithIda|Win32.ActiveCfg = Release|Any CPU
		{219653A0-8F96-4A78-9411-354D9B5073CB}.TestWithIda|Win32.Build.0 = Release|Any CPU
		{219653A0-8F96-4A78-9411-354D9B5073CB}.TestWithIda|x64.ActiveCfg = Release|Any CPU
		{219653A0-8F96-4A78-9411-354D9B5073CB}.TestWithIda|x64.Build.0 = Release|Any CPU
	EndGlobalSection
	GlobalSection(SolutionProperties) = preSolution
		HideSolutionNode = FALSE
	EndGlobalSection
	GlobalSection(NestedProjects) = preSolution
		{D5A52F46-1058-4AF7-9B6B-73DDC07EDD69} = {220FAFFE-3FE2-45DA-888C-85D39478FD80}
		{6DD4A3A9-B87E-47D4-89B3-527FC519A62F} = {220FAFFE-3FE2-45DA-888C-85D39478FD80}
		{76A16770-4B67-46E0-94F9-27677924B9C6} = {891A4D44-5530-47B8-9E9A-16ED21527718}
		{4FE2387E-C44D-465C-A95D-373476AAA0C6} = {891A4D44-5530-47B8-9E9A-16ED21527718}
		{B5F786F8-5F0F-4CF3-B0C4-7A7443C02F29} = {891A4D44-5530-47B8-9E9A-16ED21527718}
		{219653A0-8F96-4A78-9411-354D9B5073CB} = {891A4D44-5530-47B8-9E9A-16ED21527718}
	EndGlobalSection
EndGlobal
