
Microsoft Visual Studio Solution File, Format Version 12.00
# Visual Studio 14
VisualStudioVersion = 14.0.24720.0
MinimumVisualStudioVersion = 10.0.40219.1
Project("{8BC9CEB8-8B4A-11D0-8D11-00A0C91BC942}") = "MinHook", "MinHook\MinHook.vcxproj", "{23AD6E36-FA90-4A0D-A1F4-6BFCDBCBDC7C}"
EndProject
Project("{8BC9CEB8-8B4A-11D0-8D11-00A0C91BC942}") = "Infrastructure", "Infrastructure\Infrastructure.vcxproj", "{006F5B8A-F75F-413C-AD3A-E004CA8DDF26}"
EndProject
Project("{8BC9CEB8-8B4A-11D0-8D11-00A0C91BC942}") = "ParticleSystems", "ParticleSystems\ParticleSystems.vcxproj", "{A806CAFA-9FF2-42DC-A02F-7E57EF2AB867}"
EndProject
Project("{2150E333-8FDC-42A3-9474-1A3956D46DE8}") = "Tests", "Tests", "{220FAFFE-3FE2-45DA-888C-85D39478FD80}"
EndProject
Project("{8BC9CEB8-8B4A-11D0-8D11-00A0C91BC942}") = "GoogleTest", "Tests\GoogleTest\GoogleTest.vcxproj", "{D5A52F46-1058-4AF7-9B6B-73DDC07EDD69}"
EndProject
Project("{8BC9CEB8-8B4A-11D0-8D11-00A0C91BC942}") = "PartSysTests", "Tests\PartSysTests\PartSysTests.vcxproj", "{6DD4A3A9-B87E-47D4-89B3-527FC519A62F}"
EndProject
Project("{2150E333-8FDC-42A3-9474-1A3956D46DE8}") = "Tools", "Tools", "{891A4D44-5530-47B8-9E9A-16ED21527718}"
EndProject
Project("{8BC9CEB8-8B4A-11D0-8D11-00A0C91BC942}") = "ParticleEditorNative", "Tools\ParticleEditorNative\ParticleEditorNative.vcxproj", "{76A16770-4B67-46E0-94F9-27677924B9C6}"
EndProject
Project("{FAE04EC0-301F-11D3-BF4B-00C04F79EFBC}") = "ParticleEditor", "Tools\ParticleEditor\ParticleEditor.csproj", "{4FE2387E-C44D-465C-A95D-373476AAA0C6}"
	ProjectSection(ProjectDependencies) = postProject
		{76A16770-4B67-46E0-94F9-27677924B9C6} = {76A16770-4B67-46E0-94F9-27677924B9C6}
	EndProjectSection
EndProject
Project("{FAE04EC0-301F-11D3-BF4B-00C04F79EFBC}") = "ParticleEditorTests", "Tools\ParticleEditorTests\ParticleEditorTests.csproj", "{B5F786F8-5F0F-4CF3-B0C4-7A7443C02F29}"
EndProject
Project("{FAE04EC0-301F-11D3-BF4B-00C04F79EFBC}") = "ParticleModel", "Tools\ParticleModel\ParticleModel.csproj", "{219653A0-8F96-4A78-9411-354D9B5073CB}"
EndProject
Project("{8BC9CEB8-8B4A-11D0-8D11-00A0C91BC942}") = "Temple", "Temple\Temple.vcxproj", "{A05549FB-A0D1-48AA-B586-FE333BBB4505}"
EndProject
Project("{8BC9CEB8-8B4A-11D0-8D11-00A0C91BC942}") = "TemplePlus", "TemplePlus\TemplePlus.vcxproj", "{3E3B6C43-8C76-4CD5-BCF8-3F2B9C5178FE}"
EndProject
Project("{8BC9CEB8-8B4A-11D0-8D11-00A0C91BC942}") = "MdfLint", "Tools\MdfLint\MdfLint.vcxproj", "{C3E9A81E-D8FA-4D08-A69C-67AB3C87E3F7}"
EndProject
Project("{8BC9CEB8-8B4A-11D0-8D11-00A0C91BC942}") = "InfrastructureTests", "Tests\InfrastructureTests\InfrastructureTests.vcxproj", "{D2BE7E4C-6CB7-415F-8E10-16A6C1983720}"
EndProject
Project("{FAE04EC0-301F-11D3-BF4B-00C04F79EFBC}") = "MdfPreview", "Tools\MdfPreview\MdfPreview.csproj", "{23DA24F5-0DF5-4BAF-A8FA-A5B3A22D62D9}"
	ProjectSection(ProjectDependencies) = postProject
		{4653B906-F9C5-465C-AF27-84F39D6C9F7A} = {4653B906-F9C5-465C-AF27-84F39D6C9F7A}
	EndProjectSection
EndProject
Project("{8BC9CEB8-8B4A-11D0-8D11-00A0C91BC942}") = "MdfPreviewNative", "Tools\MdfPreviewNative\MdfPreviewNative.vcxproj", "{4653B906-F9C5-465C-AF27-84F39D6C9F7A}"
EndProject
Project("{2150E333-8FDC-42A3-9474-1A3956D46DE8}") = "Shaders", "Shaders", "{D7FE2DDC-07CE-4C1B-BF92-115AF7181DE2}"
	ProjectSection(SolutionItems) = preProject
		tpdata\shaders\clipping_ps.hlsl = tpdata\shaders\clipping_ps.hlsl
		tpdata\shaders\clipping_vs.hlsl = tpdata\shaders\clipping_vs.hlsl
		tpdata\shaders\diffuse_only_ps.hlsl = tpdata\shaders\diffuse_only_ps.hlsl
		tpdata\shaders\fogofwar_ps.hlsl = tpdata\shaders\fogofwar_ps.hlsl
		tpdata\shaders\fogofwar_vs.hlsl = tpdata\shaders\fogofwar_vs.hlsl
		tpdata\shaders\font_vs.hlsl = tpdata\shaders\font_vs.hlsl
		tpdata\shaders\gaussian_blur_ps.hlsl = tpdata\shaders\gaussian_blur_ps.hlsl
		tpdata\shaders\gaussian_blur_vs.hlsl = tpdata\shaders\gaussian_blur_vs.hlsl
		tpdata\shaders\gui_vs.hlsl = tpdata\shaders\gui_vs.hlsl
		tpdata\shaders\lighting.fxh = tpdata\shaders\lighting.fxh
		tpdata\shaders\line_vs.hlsl = tpdata\shaders\line_vs.hlsl
		tpdata\shaders\mdf_ps.hlsl = tpdata\shaders\mdf_ps.hlsl
		tpdata\shaders\mdf_vs.hlsl = tpdata\shaders\mdf_vs.hlsl
		tpdata\shaders\particles_points_vs.hlsl = tpdata\shaders\particles_points_vs.hlsl
		tpdata\shaders\particles_quads_vs.hlsl = tpdata\shaders\particles_quads_vs.hlsl
		tpdata\shaders\shadow_geom_vs.hlsl = tpdata\shaders\shadow_geom_vs.hlsl
		tpdata\shaders\shadowmap_geom_vs.hlsl = tpdata\shaders\shadowmap_geom_vs.hlsl
		tpdata\shaders\textured_simple_ps.hlsl = tpdata\shaders\textured_simple_ps.hlsl
		tpdata\shaders\textured_two_ps.hlsl = tpdata\shaders\textured_two_ps.hlsl
	EndProjectSection
EndProject
Project("{8BC9CEB8-8B4A-11D0-8D11-00A0C91BC942}") = "EASTL", "EASTL\EASTL.vcxproj", "{613B84BF-C64E-4107-80B2-D4C1215999BB}"
EndProject
Project("{2150E333-8FDC-42A3-9474-1A3956D46DE8}") = "NuGet", "NuGet", "{9FD8470B-84F5-47B1-95E5-77A17427789E}"
	ProjectSection(SolutionItems) = preProject
		appveyor.yml = appveyor.yml
		TemplePlus.nuspec = TemplePlus.nuspec
	EndProjectSection
EndProject
Project("{FAE04EC0-301F-11D3-BF4B-00C04F79EFBC}") = "Configurator", "Configurator\Configurator.csproj", "{8A2D4F0B-65A5-48B9-89B9-0B57FB49658F}"
EndProject
Global
	GlobalSection(SolutionConfigurationPlatforms) = preSolution
		Debug|Any CPU = Debug|Any CPU
		Debug|Win32 = Debug|Win32
		Debug|x64 = Debug|x64
		Release|Any CPU = Release|Any CPU
		Release|Win32 = Release|Win32
		Release|x64 = Release|x64
		TestWithIda|Any CPU = TestWithIda|Any CPU
		TestWithIda|Win32 = TestWithIda|Win32
		TestWithIda|x64 = TestWithIda|x64
	EndGlobalSection
	GlobalSection(ProjectConfigurationPlatforms) = postSolution
		{23AD6E36-FA90-4A0D-A1F4-6BFCDBCBDC7C}.Debug|Any CPU.ActiveCfg = Debug|Win32
		{23AD6E36-FA90-4A0D-A1F4-6BFCDBCBDC7C}.Debug|Win32.ActiveCfg = Debug|Win32
		{23AD6E36-FA90-4A0D-A1F4-6BFCDBCBDC7C}.Debug|Win32.Build.0 = Debug|Win32
		{23AD6E36-FA90-4A0D-A1F4-6BFCDBCBDC7C}.Debug|x64.ActiveCfg = Debug|x64
		{23AD6E36-FA90-4A0D-A1F4-6BFCDBCBDC7C}.Debug|x64.Build.0 = Debug|x64
		{23AD6E36-FA90-4A0D-A1F4-6BFCDBCBDC7C}.Release|Any CPU.ActiveCfg = Release|Win32
		{23AD6E36-FA90-4A0D-A1F4-6BFCDBCBDC7C}.Release|Win32.ActiveCfg = Release|Win32
		{23AD6E36-FA90-4A0D-A1F4-6BFCDBCBDC7C}.Release|Win32.Build.0 = Release|Win32
		{23AD6E36-FA90-4A0D-A1F4-6BFCDBCBDC7C}.Release|x64.ActiveCfg = Release|x64
		{23AD6E36-FA90-4A0D-A1F4-6BFCDBCBDC7C}.Release|x64.Build.0 = Release|x64
		{23AD6E36-FA90-4A0D-A1F4-6BFCDBCBDC7C}.TestWithIda|Any CPU.ActiveCfg = Release|x64
		{23AD6E36-FA90-4A0D-A1F4-6BFCDBCBDC7C}.TestWithIda|Any CPU.Build.0 = Release|x64
		{23AD6E36-FA90-4A0D-A1F4-6BFCDBCBDC7C}.TestWithIda|Win32.ActiveCfg = Release|Win32
		{23AD6E36-FA90-4A0D-A1F4-6BFCDBCBDC7C}.TestWithIda|Win32.Build.0 = Release|Win32
		{23AD6E36-FA90-4A0D-A1F4-6BFCDBCBDC7C}.TestWithIda|x64.ActiveCfg = Release|x64
		{23AD6E36-FA90-4A0D-A1F4-6BFCDBCBDC7C}.TestWithIda|x64.Build.0 = Release|x64
		{006F5B8A-F75F-413C-AD3A-E004CA8DDF26}.Debug|Any CPU.ActiveCfg = Debug|Win32
		{006F5B8A-F75F-413C-AD3A-E004CA8DDF26}.Debug|Win32.ActiveCfg = Debug|Win32
		{006F5B8A-F75F-413C-AD3A-E004CA8DDF26}.Debug|Win32.Build.0 = Debug|Win32
		{006F5B8A-F75F-413C-AD3A-E004CA8DDF26}.Debug|x64.ActiveCfg = Debug|x64
		{006F5B8A-F75F-413C-AD3A-E004CA8DDF26}.Debug|x64.Build.0 = Debug|x64
		{006F5B8A-F75F-413C-AD3A-E004CA8DDF26}.Release|Any CPU.ActiveCfg = Release|Win32
		{006F5B8A-F75F-413C-AD3A-E004CA8DDF26}.Release|Win32.ActiveCfg = Release|Win32
		{006F5B8A-F75F-413C-AD3A-E004CA8DDF26}.Release|Win32.Build.0 = Release|Win32
		{006F5B8A-F75F-413C-AD3A-E004CA8DDF26}.Release|x64.ActiveCfg = Release|x64
		{006F5B8A-F75F-413C-AD3A-E004CA8DDF26}.Release|x64.Build.0 = Release|x64
		{006F5B8A-F75F-413C-AD3A-E004CA8DDF26}.TestWithIda|Any CPU.ActiveCfg = Release|x64
		{006F5B8A-F75F-413C-AD3A-E004CA8DDF26}.TestWithIda|Any CPU.Build.0 = Release|x64
		{006F5B8A-F75F-413C-AD3A-E004CA8DDF26}.TestWithIda|Win32.ActiveCfg = Release|Win32
		{006F5B8A-F75F-413C-AD3A-E004CA8DDF26}.TestWithIda|Win32.Build.0 = Release|Win32
		{006F5B8A-F75F-413C-AD3A-E004CA8DDF26}.TestWithIda|x64.ActiveCfg = Release|x64
		{006F5B8A-F75F-413C-AD3A-E004CA8DDF26}.TestWithIda|x64.Build.0 = Release|x64
		{A806CAFA-9FF2-42DC-A02F-7E57EF2AB867}.Debug|Any CPU.ActiveCfg = Debug|Win32
		{A806CAFA-9FF2-42DC-A02F-7E57EF2AB867}.Debug|Win32.ActiveCfg = Debug|Win32
		{A806CAFA-9FF2-42DC-A02F-7E57EF2AB867}.Debug|Win32.Build.0 = Debug|Win32
		{A806CAFA-9FF2-42DC-A02F-7E57EF2AB867}.Debug|x64.ActiveCfg = Debug|x64
		{A806CAFA-9FF2-42DC-A02F-7E57EF2AB867}.Debug|x64.Build.0 = Debug|x64
		{A806CAFA-9FF2-42DC-A02F-7E57EF2AB867}.Release|Any CPU.ActiveCfg = Release|Win32
		{A806CAFA-9FF2-42DC-A02F-7E57EF2AB867}.Release|Win32.ActiveCfg = Release|Win32
		{A806CAFA-9FF2-42DC-A02F-7E57EF2AB867}.Release|Win32.Build.0 = Release|Win32
		{A806CAFA-9FF2-42DC-A02F-7E57EF2AB867}.Release|x64.ActiveCfg = Release|x64
		{A806CAFA-9FF2-42DC-A02F-7E57EF2AB867}.Release|x64.Build.0 = Release|x64
		{A806CAFA-9FF2-42DC-A02F-7E57EF2AB867}.TestWithIda|Any CPU.ActiveCfg = Release|x64
		{A806CAFA-9FF2-42DC-A02F-7E57EF2AB867}.TestWithIda|Any CPU.Build.0 = Release|x64
		{A806CAFA-9FF2-42DC-A02F-7E57EF2AB867}.TestWithIda|Win32.ActiveCfg = Release|Win32
		{A806CAFA-9FF2-42DC-A02F-7E57EF2AB867}.TestWithIda|Win32.Build.0 = Release|Win32
		{A806CAFA-9FF2-42DC-A02F-7E57EF2AB867}.TestWithIda|x64.ActiveCfg = Release|x64
		{A806CAFA-9FF2-42DC-A02F-7E57EF2AB867}.TestWithIda|x64.Build.0 = Release|x64
		{D5A52F46-1058-4AF7-9B6B-73DDC07EDD69}.Debug|Any CPU.ActiveCfg = Debug|Win32
		{D5A52F46-1058-4AF7-9B6B-73DDC07EDD69}.Debug|Win32.ActiveCfg = Debug|Win32
		{D5A52F46-1058-4AF7-9B6B-73DDC07EDD69}.Debug|Win32.Build.0 = Debug|Win32
		{D5A52F46-1058-4AF7-9B6B-73DDC07EDD69}.Debug|x64.ActiveCfg = Debug|x64
		{D5A52F46-1058-4AF7-9B6B-73DDC07EDD69}.Debug|x64.Build.0 = Debug|x64
		{D5A52F46-1058-4AF7-9B6B-73DDC07EDD69}.Release|Any CPU.ActiveCfg = Release|Win32
		{D5A52F46-1058-4AF7-9B6B-73DDC07EDD69}.Release|Win32.ActiveCfg = Release|Win32
		{D5A52F46-1058-4AF7-9B6B-73DDC07EDD69}.Release|Win32.Build.0 = Release|Win32
		{D5A52F46-1058-4AF7-9B6B-73DDC07EDD69}.Release|x64.ActiveCfg = Release|x64
		{D5A52F46-1058-4AF7-9B6B-73DDC07EDD69}.Release|x64.Build.0 = Release|x64
		{D5A52F46-1058-4AF7-9B6B-73DDC07EDD69}.TestWithIda|Any CPU.ActiveCfg = Release|x64
		{D5A52F46-1058-4AF7-9B6B-73DDC07EDD69}.TestWithIda|Any CPU.Build.0 = Release|x64
		{D5A52F46-1058-4AF7-9B6B-73DDC07EDD69}.TestWithIda|Win32.ActiveCfg = Release|Win32
		{D5A52F46-1058-4AF7-9B6B-73DDC07EDD69}.TestWithIda|Win32.Build.0 = Release|Win32
		{D5A52F46-1058-4AF7-9B6B-73DDC07EDD69}.TestWithIda|x64.ActiveCfg = Release|x64
		{D5A52F46-1058-4AF7-9B6B-73DDC07EDD69}.TestWithIda|x64.Build.0 = Release|x64
		{6DD4A3A9-B87E-47D4-89B3-527FC519A62F}.Debug|Any CPU.ActiveCfg = Debug|Win32
		{6DD4A3A9-B87E-47D4-89B3-527FC519A62F}.Debug|Win32.ActiveCfg = Debug|Win32
		{6DD4A3A9-B87E-47D4-89B3-527FC519A62F}.Debug|Win32.Build.0 = Debug|Win32
		{6DD4A3A9-B87E-47D4-89B3-527FC519A62F}.Debug|x64.ActiveCfg = Debug|x64
		{6DD4A3A9-B87E-47D4-89B3-527FC519A62F}.Debug|x64.Build.0 = Debug|x64
		{6DD4A3A9-B87E-47D4-89B3-527FC519A62F}.Release|Any CPU.ActiveCfg = Release|Win32
		{6DD4A3A9-B87E-47D4-89B3-527FC519A62F}.Release|Win32.ActiveCfg = Release|Win32
		{6DD4A3A9-B87E-47D4-89B3-527FC519A62F}.Release|Win32.Build.0 = Release|Win32
		{6DD4A3A9-B87E-47D4-89B3-527FC519A62F}.Release|x64.ActiveCfg = Release|x64
		{6DD4A3A9-B87E-47D4-89B3-527FC519A62F}.Release|x64.Build.0 = Release|x64
		{6DD4A3A9-B87E-47D4-89B3-527FC519A62F}.TestWithIda|Any CPU.ActiveCfg = Release|x64
		{6DD4A3A9-B87E-47D4-89B3-527FC519A62F}.TestWithIda|Any CPU.Build.0 = Release|x64
		{6DD4A3A9-B87E-47D4-89B3-527FC519A62F}.TestWithIda|Win32.ActiveCfg = Release|Win32
		{6DD4A3A9-B87E-47D4-89B3-527FC519A62F}.TestWithIda|Win32.Build.0 = Release|Win32
		{6DD4A3A9-B87E-47D4-89B3-527FC519A62F}.TestWithIda|x64.ActiveCfg = Release|x64
		{6DD4A3A9-B87E-47D4-89B3-527FC519A62F}.TestWithIda|x64.Build.0 = Release|x64
		{76A16770-4B67-46E0-94F9-27677924B9C6}.Debug|Any CPU.ActiveCfg = Debug|Win32
		{76A16770-4B67-46E0-94F9-27677924B9C6}.Debug|Win32.ActiveCfg = Debug|Win32
		{76A16770-4B67-46E0-94F9-27677924B9C6}.Debug|Win32.Build.0 = Debug|Win32
		{76A16770-4B67-46E0-94F9-27677924B9C6}.Debug|x64.ActiveCfg = Debug|x64
		{76A16770-4B67-46E0-94F9-27677924B9C6}.Debug|x64.Build.0 = Debug|x64
		{76A16770-4B67-46E0-94F9-27677924B9C6}.Release|Any CPU.ActiveCfg = Release|Win32
		{76A16770-4B67-46E0-94F9-27677924B9C6}.Release|Win32.ActiveCfg = Release|Win32
		{76A16770-4B67-46E0-94F9-27677924B9C6}.Release|Win32.Build.0 = Release|Win32
		{76A16770-4B67-46E0-94F9-27677924B9C6}.Release|x64.ActiveCfg = Release|x64
		{76A16770-4B67-46E0-94F9-27677924B9C6}.Release|x64.Build.0 = Release|x64
		{76A16770-4B67-46E0-94F9-27677924B9C6}.TestWithIda|Any CPU.ActiveCfg = Release|x64
		{76A16770-4B67-46E0-94F9-27677924B9C6}.TestWithIda|Any CPU.Build.0 = Release|x64
		{76A16770-4B67-46E0-94F9-27677924B9C6}.TestWithIda|Win32.ActiveCfg = Release|Win32
		{76A16770-4B67-46E0-94F9-27677924B9C6}.TestWithIda|Win32.Build.0 = Release|Win32
		{76A16770-4B67-46E0-94F9-27677924B9C6}.TestWithIda|x64.ActiveCfg = Release|x64
		{76A16770-4B67-46E0-94F9-27677924B9C6}.TestWithIda|x64.Build.0 = Release|x64
		{4FE2387E-C44D-465C-A95D-373476AAA0C6}.Debug|Any CPU.ActiveCfg = Debug|x86
		{4FE2387E-C44D-465C-A95D-373476AAA0C6}.Debug|Win32.ActiveCfg = Debug|x86
		{4FE2387E-C44D-465C-A95D-373476AAA0C6}.Debug|Win32.Build.0 = Debug|x86
		{4FE2387E-C44D-465C-A95D-373476AAA0C6}.Debug|x64.ActiveCfg = Debug|x86
		{4FE2387E-C44D-465C-A95D-373476AAA0C6}.Release|Any CPU.ActiveCfg = Release|x86
		{4FE2387E-C44D-465C-A95D-373476AAA0C6}.Release|Win32.ActiveCfg = Release|x86
		{4FE2387E-C44D-465C-A95D-373476AAA0C6}.Release|Win32.Build.0 = Release|x86
		{4FE2387E-C44D-465C-A95D-373476AAA0C6}.Release|x64.ActiveCfg = Release|x86
		{4FE2387E-C44D-465C-A95D-373476AAA0C6}.TestWithIda|Any CPU.ActiveCfg = Release|x86
		{4FE2387E-C44D-465C-A95D-373476AAA0C6}.TestWithIda|Any CPU.Build.0 = Release|x86
		{4FE2387E-C44D-465C-A95D-373476AAA0C6}.TestWithIda|Win32.ActiveCfg = Release|x86
		{4FE2387E-C44D-465C-A95D-373476AAA0C6}.TestWithIda|Win32.Build.0 = Release|x86
		{4FE2387E-C44D-465C-A95D-373476AAA0C6}.TestWithIda|x64.ActiveCfg = Release|x86
		{4FE2387E-C44D-465C-A95D-373476AAA0C6}.TestWithIda|x64.Build.0 = Release|x86
		{B5F786F8-5F0F-4CF3-B0C4-7A7443C02F29}.Debug|Any CPU.ActiveCfg = Debug|x86
		{B5F786F8-5F0F-4CF3-B0C4-7A7443C02F29}.Debug|Win32.ActiveCfg = Debug|x86
		{B5F786F8-5F0F-4CF3-B0C4-7A7443C02F29}.Debug|Win32.Build.0 = Debug|x86
		{B5F786F8-5F0F-4CF3-B0C4-7A7443C02F29}.Debug|x64.ActiveCfg = Debug|x86
		{B5F786F8-5F0F-4CF3-B0C4-7A7443C02F29}.Release|Any CPU.ActiveCfg = Release|x86
		{B5F786F8-5F0F-4CF3-B0C4-7A7443C02F29}.Release|Win32.ActiveCfg = Release|x86
		{B5F786F8-5F0F-4CF3-B0C4-7A7443C02F29}.Release|Win32.Build.0 = Release|x86
		{B5F786F8-5F0F-4CF3-B0C4-7A7443C02F29}.Release|x64.ActiveCfg = Release|x86
		{B5F786F8-5F0F-4CF3-B0C4-7A7443C02F29}.TestWithIda|Any CPU.ActiveCfg = Release|x86
		{B5F786F8-5F0F-4CF3-B0C4-7A7443C02F29}.TestWithIda|Any CPU.Build.0 = Release|x86
		{B5F786F8-5F0F-4CF3-B0C4-7A7443C02F29}.TestWithIda|Win32.ActiveCfg = Release|x86
		{B5F786F8-5F0F-4CF3-B0C4-7A7443C02F29}.TestWithIda|Win32.Build.0 = Release|x86
		{B5F786F8-5F0F-4CF3-B0C4-7A7443C02F29}.TestWithIda|x64.ActiveCfg = Release|x86
		{B5F786F8-5F0F-4CF3-B0C4-7A7443C02F29}.TestWithIda|x64.Build.0 = Release|x86
		{219653A0-8F96-4A78-9411-354D9B5073CB}.Debug|Any CPU.ActiveCfg = Debug|x86
		{219653A0-8F96-4A78-9411-354D9B5073CB}.Debug|Win32.ActiveCfg = Debug|x86
		{219653A0-8F96-4A78-9411-354D9B5073CB}.Debug|Win32.Build.0 = Debug|x86
		{219653A0-8F96-4A78-9411-354D9B5073CB}.Debug|x64.ActiveCfg = Debug|x86
		{219653A0-8F96-4A78-9411-354D9B5073CB}.Release|Any CPU.ActiveCfg = Release|x86
		{219653A0-8F96-4A78-9411-354D9B5073CB}.Release|Win32.ActiveCfg = Release|x86
		{219653A0-8F96-4A78-9411-354D9B5073CB}.Release|Win32.Build.0 = Release|x86
		{219653A0-8F96-4A78-9411-354D9B5073CB}.Release|x64.ActiveCfg = Release|x86
		{219653A0-8F96-4A78-9411-354D9B5073CB}.TestWithIda|Any CPU.ActiveCfg = Release|x86
		{219653A0-8F96-4A78-9411-354D9B5073CB}.TestWithIda|Any CPU.Build.0 = Release|x86
		{219653A0-8F96-4A78-9411-354D9B5073CB}.TestWithIda|Win32.ActiveCfg = Release|x86
		{219653A0-8F96-4A78-9411-354D9B5073CB}.TestWithIda|Win32.Build.0 = Release|x86
		{219653A0-8F96-4A78-9411-354D9B5073CB}.TestWithIda|x64.ActiveCfg = Release|x86
		{219653A0-8F96-4A78-9411-354D9B5073CB}.TestWithIda|x64.Build.0 = Release|x86
		{A05549FB-A0D1-48AA-B586-FE333BBB4505}.Debug|Any CPU.ActiveCfg = Debug|Win32
		{A05549FB-A0D1-48AA-B586-FE333BBB4505}.Debug|Win32.ActiveCfg = Debug|Win32
		{A05549FB-A0D1-48AA-B586-FE333BBB4505}.Debug|Win32.Build.0 = Debug|Win32
		{A05549FB-A0D1-48AA-B586-FE333BBB4505}.Debug|x64.ActiveCfg = Debug|x64
		{A05549FB-A0D1-48AA-B586-FE333BBB4505}.Debug|x64.Build.0 = Debug|x64
		{A05549FB-A0D1-48AA-B586-FE333BBB4505}.Release|Any CPU.ActiveCfg = Release|Win32
		{A05549FB-A0D1-48AA-B586-FE333BBB4505}.Release|Win32.ActiveCfg = Release|Win32
		{A05549FB-A0D1-48AA-B586-FE333BBB4505}.Release|Win32.Build.0 = Release|Win32
		{A05549FB-A0D1-48AA-B586-FE333BBB4505}.Release|x64.ActiveCfg = Release|x64
		{A05549FB-A0D1-48AA-B586-FE333BBB4505}.Release|x64.Build.0 = Release|x64
		{A05549FB-A0D1-48AA-B586-FE333BBB4505}.TestWithIda|Any CPU.ActiveCfg = Release|x64
		{A05549FB-A0D1-48AA-B586-FE333BBB4505}.TestWithIda|Any CPU.Build.0 = Release|x64
		{A05549FB-A0D1-48AA-B586-FE333BBB4505}.TestWithIda|Win32.ActiveCfg = Release|Win32
		{A05549FB-A0D1-48AA-B586-FE333BBB4505}.TestWithIda|Win32.Build.0 = Release|Win32
		{A05549FB-A0D1-48AA-B586-FE333BBB4505}.TestWithIda|x64.ActiveCfg = Release|x64
		{A05549FB-A0D1-48AA-B586-FE333BBB4505}.TestWithIda|x64.Build.0 = Release|x64
		{3E3B6C43-8C76-4CD5-BCF8-3F2B9C5178FE}.Debug|Any CPU.ActiveCfg = Debug|Win32
		{3E3B6C43-8C76-4CD5-BCF8-3F2B9C5178FE}.Debug|Win32.ActiveCfg = Debug|Win32
		{3E3B6C43-8C76-4CD5-BCF8-3F2B9C5178FE}.Debug|Win32.Build.0 = Debug|Win32
		{3E3B6C43-8C76-4CD5-BCF8-3F2B9C5178FE}.Debug|x64.ActiveCfg = Debug|Win32
		{3E3B6C43-8C76-4CD5-BCF8-3F2B9C5178FE}.Release|Any CPU.ActiveCfg = Release|Win32
		{3E3B6C43-8C76-4CD5-BCF8-3F2B9C5178FE}.Release|Win32.ActiveCfg = Release|Win32
		{3E3B6C43-8C76-4CD5-BCF8-3F2B9C5178FE}.Release|Win32.Build.0 = Release|Win32
		{3E3B6C43-8C76-4CD5-BCF8-3F2B9C5178FE}.Release|x64.ActiveCfg = Release|Win32
		{3E3B6C43-8C76-4CD5-BCF8-3F2B9C5178FE}.TestWithIda|Any CPU.ActiveCfg = TestWithIda|Win32
		{3E3B6C43-8C76-4CD5-BCF8-3F2B9C5178FE}.TestWithIda|Win32.ActiveCfg = TestWithIda|Win32
		{3E3B6C43-8C76-4CD5-BCF8-3F2B9C5178FE}.TestWithIda|Win32.Build.0 = TestWithIda|Win32
		{3E3B6C43-8C76-4CD5-BCF8-3F2B9C5178FE}.TestWithIda|x64.ActiveCfg = TestWithIda|Win32
		{C3E9A81E-D8FA-4D08-A69C-67AB3C87E3F7}.Debug|Any CPU.ActiveCfg = Debug|Win32
		{C3E9A81E-D8FA-4D08-A69C-67AB3C87E3F7}.Debug|Win32.ActiveCfg = Debug|Win32
		{C3E9A81E-D8FA-4D08-A69C-67AB3C87E3F7}.Debug|Win32.Build.0 = Debug|Win32
		{C3E9A81E-D8FA-4D08-A69C-67AB3C87E3F7}.Debug|x64.ActiveCfg = Debug|x64
		{C3E9A81E-D8FA-4D08-A69C-67AB3C87E3F7}.Debug|x64.Build.0 = Debug|x64
		{C3E9A81E-D8FA-4D08-A69C-67AB3C87E3F7}.Release|Any CPU.ActiveCfg = Release|Win32
		{C3E9A81E-D8FA-4D08-A69C-67AB3C87E3F7}.Release|Win32.ActiveCfg = Release|Win32
		{C3E9A81E-D8FA-4D08-A69C-67AB3C87E3F7}.Release|Win32.Build.0 = Release|Win32
		{C3E9A81E-D8FA-4D08-A69C-67AB3C87E3F7}.Release|x64.ActiveCfg = Release|x64
		{C3E9A81E-D8FA-4D08-A69C-67AB3C87E3F7}.Release|x64.Build.0 = Release|x64
		{C3E9A81E-D8FA-4D08-A69C-67AB3C87E3F7}.TestWithIda|Any CPU.ActiveCfg = Release|x64
		{C3E9A81E-D8FA-4D08-A69C-67AB3C87E3F7}.TestWithIda|Any CPU.Build.0 = Release|x64
		{C3E9A81E-D8FA-4D08-A69C-67AB3C87E3F7}.TestWithIda|Win32.ActiveCfg = Release|Win32
		{C3E9A81E-D8FA-4D08-A69C-67AB3C87E3F7}.TestWithIda|Win32.Build.0 = Release|Win32
		{C3E9A81E-D8FA-4D08-A69C-67AB3C87E3F7}.TestWithIda|x64.ActiveCfg = Release|x64
		{C3E9A81E-D8FA-4D08-A69C-67AB3C87E3F7}.TestWithIda|x64.Build.0 = Release|x64
		{D2BE7E4C-6CB7-415F-8E10-16A6C1983720}.Debug|Any CPU.ActiveCfg = Debug|Win32
		{D2BE7E4C-6CB7-415F-8E10-16A6C1983720}.Debug|Win32.ActiveCfg = Debug|Win32
		{D2BE7E4C-6CB7-415F-8E10-16A6C1983720}.Debug|Win32.Build.0 = Debug|Win32
		{D2BE7E4C-6CB7-415F-8E10-16A6C1983720}.Debug|x64.ActiveCfg = Debug|x64
		{D2BE7E4C-6CB7-415F-8E10-16A6C1983720}.Debug|x64.Build.0 = Debug|x64
		{D2BE7E4C-6CB7-415F-8E10-16A6C1983720}.Release|Any CPU.ActiveCfg = Release|Win32
		{D2BE7E4C-6CB7-415F-8E10-16A6C1983720}.Release|Win32.ActiveCfg = Release|Win32
		{D2BE7E4C-6CB7-415F-8E10-16A6C1983720}.Release|Win32.Build.0 = Release|Win32
		{D2BE7E4C-6CB7-415F-8E10-16A6C1983720}.Release|x64.ActiveCfg = Release|x64
		{D2BE7E4C-6CB7-415F-8E10-16A6C1983720}.Release|x64.Build.0 = Release|x64
		{D2BE7E4C-6CB7-415F-8E10-16A6C1983720}.TestWithIda|Any CPU.ActiveCfg = Release|x64
		{D2BE7E4C-6CB7-415F-8E10-16A6C1983720}.TestWithIda|Any CPU.Build.0 = Release|x64
		{D2BE7E4C-6CB7-415F-8E10-16A6C1983720}.TestWithIda|Win32.ActiveCfg = Release|Win32
		{D2BE7E4C-6CB7-415F-8E10-16A6C1983720}.TestWithIda|Win32.Build.0 = Release|Win32
		{D2BE7E4C-6CB7-415F-8E10-16A6C1983720}.TestWithIda|x64.ActiveCfg = Release|x64
		{D2BE7E4C-6CB7-415F-8E10-16A6C1983720}.TestWithIda|x64.Build.0 = Release|x64
		{23DA24F5-0DF5-4BAF-A8FA-A5B3A22D62D9}.Debug|Any CPU.ActiveCfg = Debug|Any CPU
		{23DA24F5-0DF5-4BAF-A8FA-A5B3A22D62D9}.Debug|Any CPU.Build.0 = Debug|Any CPU
		{23DA24F5-0DF5-4BAF-A8FA-A5B3A22D62D9}.Debug|Win32.ActiveCfg = Debug|Any CPU
		{23DA24F5-0DF5-4BAF-A8FA-A5B3A22D62D9}.Debug|Win32.Build.0 = Debug|Any CPU
		{23DA24F5-0DF5-4BAF-A8FA-A5B3A22D62D9}.Debug|x64.ActiveCfg = Debug|Any CPU
		{23DA24F5-0DF5-4BAF-A8FA-A5B3A22D62D9}.Debug|x64.Build.0 = Debug|Any CPU
		{23DA24F5-0DF5-4BAF-A8FA-A5B3A22D62D9}.Release|Any CPU.ActiveCfg = Release|Any CPU
		{23DA24F5-0DF5-4BAF-A8FA-A5B3A22D62D9}.Release|Any CPU.Build.0 = Release|Any CPU
		{23DA24F5-0DF5-4BAF-A8FA-A5B3A22D62D9}.Release|Win32.ActiveCfg = Release|Any CPU
		{23DA24F5-0DF5-4BAF-A8FA-A5B3A22D62D9}.Release|Win32.Build.0 = Release|Any CPU
		{23DA24F5-0DF5-4BAF-A8FA-A5B3A22D62D9}.Release|x64.ActiveCfg = Release|Any CPU
		{23DA24F5-0DF5-4BAF-A8FA-A5B3A22D62D9}.Release|x64.Build.0 = Release|Any CPU
		{23DA24F5-0DF5-4BAF-A8FA-A5B3A22D62D9}.TestWithIda|Any CPU.ActiveCfg = Release|Any CPU
		{23DA24F5-0DF5-4BAF-A8FA-A5B3A22D62D9}.TestWithIda|Any CPU.Build.0 = Release|Any CPU
		{23DA24F5-0DF5-4BAF-A8FA-A5B3A22D62D9}.TestWithIda|Win32.ActiveCfg = Release|Any CPU
		{23DA24F5-0DF5-4BAF-A8FA-A5B3A22D62D9}.TestWithIda|Win32.Build.0 = Release|Any CPU
		{23DA24F5-0DF5-4BAF-A8FA-A5B3A22D62D9}.TestWithIda|x64.ActiveCfg = Release|Any CPU
		{23DA24F5-0DF5-4BAF-A8FA-A5B3A22D62D9}.TestWithIda|x64.Build.0 = Release|Any CPU
		{4653B906-F9C5-465C-AF27-84F39D6C9F7A}.Debug|Any CPU.ActiveCfg = Debug|Win32
		{4653B906-F9C5-465C-AF27-84F39D6C9F7A}.Debug|Win32.ActiveCfg = Debug|Win32
		{4653B906-F9C5-465C-AF27-84F39D6C9F7A}.Debug|Win32.Build.0 = Debug|Win32
		{4653B906-F9C5-465C-AF27-84F39D6C9F7A}.Debug|x64.ActiveCfg = Debug|x64
		{4653B906-F9C5-465C-AF27-84F39D6C9F7A}.Debug|x64.Build.0 = Debug|x64
		{4653B906-F9C5-465C-AF27-84F39D6C9F7A}.Release|Any CPU.ActiveCfg = Release|Win32
		{4653B906-F9C5-465C-AF27-84F39D6C9F7A}.Release|Win32.ActiveCfg = Release|Win32
		{4653B906-F9C5-465C-AF27-84F39D6C9F7A}.Release|Win32.Build.0 = Release|Win32
		{4653B906-F9C5-465C-AF27-84F39D6C9F7A}.Release|x64.ActiveCfg = Release|x64
		{4653B906-F9C5-465C-AF27-84F39D6C9F7A}.Release|x64.Build.0 = Release|x64
		{4653B906-F9C5-465C-AF27-84F39D6C9F7A}.TestWithIda|Any CPU.ActiveCfg = Release|x64
		{4653B906-F9C5-465C-AF27-84F39D6C9F7A}.TestWithIda|Any CPU.Build.0 = Release|x64
		{4653B906-F9C5-465C-AF27-84F39D6C9F7A}.TestWithIda|Win32.ActiveCfg = Release|Win32
		{4653B906-F9C5-465C-AF27-84F39D6C9F7A}.TestWithIda|Win32.Build.0 = Release|Win32
		{4653B906-F9C5-465C-AF27-84F39D6C9F7A}.TestWithIda|x64.ActiveCfg = Release|x64
		{4653B906-F9C5-465C-AF27-84F39D6C9F7A}.TestWithIda|x64.Build.0 = Release|x64
		{613B84BF-C64E-4107-80B2-D4C1215999BB}.Debug|Any CPU.ActiveCfg = Debug|Win32
		{613B84BF-C64E-4107-80B2-D4C1215999BB}.Debug|Win32.ActiveCfg = Debug|Win32
		{613B84BF-C64E-4107-80B2-D4C1215999BB}.Debug|Win32.Build.0 = Debug|Win32
		{613B84BF-C64E-4107-80B2-D4C1215999BB}.Debug|x64.ActiveCfg = Debug|x64
		{613B84BF-C64E-4107-80B2-D4C1215999BB}.Debug|x64.Build.0 = Debug|x64
		{613B84BF-C64E-4107-80B2-D4C1215999BB}.Release|Any CPU.ActiveCfg = Release|Win32
		{613B84BF-C64E-4107-80B2-D4C1215999BB}.Release|Win32.ActiveCfg = Release|Win32
		{613B84BF-C64E-4107-80B2-D4C1215999BB}.Release|Win32.Build.0 = Release|Win32
		{613B84BF-C64E-4107-80B2-D4C1215999BB}.Release|x64.ActiveCfg = Release|x64
		{613B84BF-C64E-4107-80B2-D4C1215999BB}.Release|x64.Build.0 = Release|x64
		{613B84BF-C64E-4107-80B2-D4C1215999BB}.TestWithIda|Any CPU.ActiveCfg = Release|x64
		{613B84BF-C64E-4107-80B2-D4C1215999BB}.TestWithIda|Any CPU.Build.0 = Release|x64
		{613B84BF-C64E-4107-80B2-D4C1215999BB}.TestWithIda|Win32.ActiveCfg = Release|Win32
		{613B84BF-C64E-4107-80B2-D4C1215999BB}.TestWithIda|Win32.Build.0 = Release|Win32
		{613B84BF-C64E-4107-80B2-D4C1215999BB}.TestWithIda|x64.ActiveCfg = Release|x64
		{613B84BF-C64E-4107-80B2-D4C1215999BB}.TestWithIda|x64.Build.0 = Release|x64
		{8A2D4F0B-65A5-48B9-89B9-0B57FB49658F}.Debug|Any CPU.ActiveCfg = Debug|Any CPU
		{8A2D4F0B-65A5-48B9-89B9-0B57FB49658F}.Debug|Any CPU.Build.0 = Debug|Any CPU
		{8A2D4F0B-65A5-48B9-89B9-0B57FB49658F}.Debug|Win32.ActiveCfg = Debug|Any CPU
		{8A2D4F0B-65A5-48B9-89B9-0B57FB49658F}.Debug|Win32.Build.0 = Debug|Any CPU
		{8A2D4F0B-65A5-48B9-89B9-0B57FB49658F}.Debug|x64.ActiveCfg = Debug|Any CPU
		{8A2D4F0B-65A5-48B9-89B9-0B57FB49658F}.Debug|x64.Build.0 = Debug|Any CPU
		{8A2D4F0B-65A5-48B9-89B9-0B57FB49658F}.Release|Any CPU.ActiveCfg = Release|Any CPU
		{8A2D4F0B-65A5-48B9-89B9-0B57FB49658F}.Release|Any CPU.Build.0 = Release|Any CPU
		{8A2D4F0B-65A5-48B9-89B9-0B57FB49658F}.Release|Win32.ActiveCfg = Release|Any CPU
		{8A2D4F0B-65A5-48B9-89B9-0B57FB49658F}.Release|Win32.Build.0 = Release|Any CPU
		{8A2D4F0B-65A5-48B9-89B9-0B57FB49658F}.Release|x64.ActiveCfg = Release|Any CPU
		{8A2D4F0B-65A5-48B9-89B9-0B57FB49658F}.Release|x64.Build.0 = Release|Any CPU
		{8A2D4F0B-65A5-48B9-89B9-0B57FB49658F}.TestWithIda|Any CPU.ActiveCfg = Release|Any CPU
		{8A2D4F0B-65A5-48B9-89B9-0B57FB49658F}.TestWithIda|Any CPU.Build.0 = Release|Any CPU
		{8A2D4F0B-65A5-48B9-89B9-0B57FB49658F}.TestWithIda|Win32.ActiveCfg = Release|Any CPU
		{8A2D4F0B-65A5-48B9-89B9-0B57FB49658F}.TestWithIda|Win32.Build.0 = Release|Any CPU
		{8A2D4F0B-65A5-48B9-89B9-0B57FB49658F}.TestWithIda|x64.ActiveCfg = Release|Any CPU
		{8A2D4F0B-65A5-48B9-89B9-0B57FB49658F}.TestWithIda|x64.Build.0 = Release|Any CPU
	EndGlobalSection
	GlobalSection(SolutionProperties) = preSolution
		HideSolutionNode = FALSE
	EndGlobalSection
	GlobalSection(NestedProjects) = preSolution
		{D5A52F46-1058-4AF7-9B6B-73DDC07EDD69} = {220FAFFE-3FE2-45DA-888C-85D39478FD80}
		{6DD4A3A9-B87E-47D4-89B3-527FC519A62F} = {220FAFFE-3FE2-45DA-888C-85D39478FD80}
		{76A16770-4B67-46E0-94F9-27677924B9C6} = {891A4D44-5530-47B8-9E9A-16ED21527718}
		{4FE2387E-C44D-465C-A95D-373476AAA0C6} = {891A4D44-5530-47B8-9E9A-16ED21527718}
		{B5F786F8-5F0F-4CF3-B0C4-7A7443C02F29} = {891A4D44-5530-47B8-9E9A-16ED21527718}
		{219653A0-8F96-4A78-9411-354D9B5073CB} = {891A4D44-5530-47B8-9E9A-16ED21527718}
		{C3E9A81E-D8FA-4D08-A69C-67AB3C87E3F7} = {891A4D44-5530-47B8-9E9A-16ED21527718}
		{D2BE7E4C-6CB7-415F-8E10-16A6C1983720} = {220FAFFE-3FE2-45DA-888C-85D39478FD80}
		{23DA24F5-0DF5-4BAF-A8FA-A5B3A22D62D9} = {891A4D44-5530-47B8-9E9A-16ED21527718}
		{4653B906-F9C5-465C-AF27-84F39D6C9F7A} = {891A4D44-5530-47B8-9E9A-16ED21527718}
		{8A2D4F0B-65A5-48B9-89B9-0B57FB49658F} = {891A4D44-5530-47B8-9E9A-16ED21527718}
	EndGlobalSection
EndGlobal
