<?xml version="1.0" encoding="utf-8"?>
<Project ToolsVersion="4.0" xmlns="http://schemas.microsoft.com/developer/msbuild/2003">
  <ItemGroup>
    <ClCompile Include="main.cpp" />
    <ClCompile Include="movies.cpp" />
    <ClCompile Include="stdafx.cpp" />
    <ClCompile Include="temple_functions.cpp" />
    <ClCompile Include="mainwindow.cpp" />
    <ClCompile Include="debugMessageToggles.cpp" />
    <ClCompile Include="attackrollcpp.cpp">
      <Filter>Mods and Fixes</Filter>
    </ClCompile>
    <ClCompile Include="animalcompanion.cpp">
      <Filter>Mods and Fixes</Filter>
    </ClCompile>
    <ClCompile Include="xp.cpp">
      <Filter>Mods and Fixes</Filter>
    </ClCompile>
    <ClCompile Include="temple_main.cpp" />
    <ClCompile Include="bonusspells.cpp">
      <Filter>Mods and Fixes</Filter>
    </ClCompile>
    <ClCompile Include="pathfinding.cpp" />
    <ClCompile Include="mainloop.cpp" />
    <ClCompile Include="feat.cpp">
      <Filter>Mods and Fixes</Filter>
    </ClCompile>
    <ClCompile Include="d20.cpp">
      <Filter>Mods and Fixes</Filter>
    </ClCompile>
    <ClCompile Include="obj.cpp">
      <Filter>Mods and Fixes</Filter>
    </ClCompile>
    <ClCompile Include="portrait_in_mainmenu.cpp" />
    <ClCompile Include="obj_fieldnames.cpp">
      <Filter>utils</Filter>
    </ClCompile>
    <ClCompile Include="combat.cpp">
      <Filter>Mods and Fixes</Filter>
    </ClCompile>
    <ClCompile Include="description.cpp">
      <Filter>Mods and Fixes</Filter>
    </ClCompile>
    <ClCompile Include="map_obj.cpp" />
    <ClCompile Include="dispatcher.cpp">
      <Filter>Mods and Fixes</Filter>
    </ClCompile>
    <ClCompile Include="weapon.cpp">
      <Filter>Mods and Fixes</Filter>
    </ClCompile>
    <ClCompile Include="spell.cpp">
      <Filter>Mods and Fixes</Filter>
    </ClCompile>
    <ClCompile Include="condition.cpp">
      <Filter>Mods and Fixes</Filter>
    </ClCompile>
    <ClCompile Include="inventory.cpp">
      <Filter>Mods and Fixes</Filter>
    </ClCompile>
    <ClCompile Include="tig\tig_font.cpp">
      <Filter>tig</Filter>
    </ClCompile>
    <ClCompile Include="tig\tig_loadingscreen.cpp">
      <Filter>tig</Filter>
    </ClCompile>
    <ClCompile Include="tig\tig_mes.cpp">
      <Filter>tig</Filter>
    </ClCompile>
    <ClCompile Include="tig\tig_mouse.cpp">
      <Filter>tig</Filter>
    </ClCompile>
    <ClCompile Include="tig\tig_shader.cpp">
      <Filter>tig</Filter>
    </ClCompile>
    <ClCompile Include="tig\tig_texture.cpp">
      <Filter>tig</Filter>
    </ClCompile>
    <ClCompile Include="tig\tig_tokenizer.cpp">
      <Filter>tig</Filter>
    </ClCompile>
    <ClCompile Include="faction.cpp">
      <Filter>Mods and Fixes</Filter>
    </ClCompile>
    <ClCompile Include="party.cpp">
      <Filter>Mods and Fixes</Filter>
    </ClCompile>
    <ClCompile Include="idxtables.cpp">
      <Filter>generic data structures</Filter>
    </ClCompile>
    <ClCompile Include="bonusspells.cpp">
      <Filter>Mods and Fixes\Spell Fixes</Filter>
    </ClCompile>
    <ClCompile Include="spell_condition.cpp">
      <Filter>Mods and Fixes\Condition Fixes</Filter>
    </ClCompile>
    <ClCompile Include="python\python_debug.cpp">
      <Filter>python</Filter>
    </ClCompile>
    <ClCompile Include="python\pythonglobal.cpp">
      <Filter>python</Filter>
    </ClCompile>
    <ClCompile Include="ui\ui.cpp">
      <Filter>ui</Filter>
    </ClCompile>
    <ClCompile Include="ui\ui_mainmenu.cpp">
      <Filter>ui</Filter>
    </ClCompile>
    <ClCompile Include="ui\ui_item_creation.cpp">
      <Filter>ui</Filter>
    </ClCompile>
    <ClCompile Include="util\fixes.cpp">
      <Filter>Mods and Fixes</Filter>
    </ClCompile>
    <ClCompile Include="util\folderutils.cpp">
      <Filter>utils</Filter>
    </ClCompile>
    <ClCompile Include="tio\tio_utils.cpp" />
    <ClCompile Include="float_line.cpp" />
    <ClCompile Include="location.cpp" />
    <ClCompile Include="secret_door.cpp">
      <Filter>Mods and Fixes</Filter>
    </ClCompile>
    <ClCompile Include="skill.cpp">
      <Filter>Mods and Fixes</Filter>
    </ClCompile>
    <ClCompile Include="history.cpp">
      <Filter>Mods and Fixes</Filter>
    </ClCompile>
    <ClCompile Include="bonus.cpp">
      <Filter>Mods and Fixes</Filter>
    </ClCompile>
    <ClCompile Include="ai.cpp">
      <Filter>Mods and Fixes</Filter>
    </ClCompile>
    <ClCompile Include="action_sequence.cpp">
      <Filter>Mods and Fixes</Filter>
    </ClCompile>
    <ClCompile Include="turn_based.cpp">
      <Filter>Mods and Fixes</Filter>
    </ClCompile>
    <ClCompile Include="critter.cpp">
      <Filter>Mods and Fixes</Filter>
    </ClCompile>
    <ClCompile Include="tab_file.cpp" />
    <ClCompile Include="d20_class.cpp">
      <Filter>Mods and Fixes</Filter>
    </ClCompile>
    <ClCompile Include="d20_status.cpp">
      <Filter>Mods and Fixes</Filter>
    </ClCompile>
    <ClCompile Include="objlist.cpp" />
    <ClCompile Include="ui\ui_picker.cpp">
      <Filter>ui</Filter>
    </ClCompile>
    <ClCompile Include="python\python_spell.cpp">
      <Filter>python</Filter>
    </ClCompile>
    <ClCompile Include="d20_level.cpp">
      <Filter>Mods and Fixes</Filter>
    </ClCompile>
    <ClCompile Include="damage.cpp" />
    <ClCompile Include="dialog.cpp" />
    <ClCompile Include="dice.cpp" />
    <ClCompile Include="fade.cpp" />
    <ClCompile Include="particles.cpp" />
    <ClCompile Include="quest.cpp" />
    <ClCompile Include="radialmenu.cpp" />
    <ClCompile Include="reputations.cpp" />
    <ClCompile Include="sound.cpp" />
    <ClCompile Include="textbubbles.cpp" />
    <ClCompile Include="traps.cpp" />
    <ClCompile Include="d20_levelup.cpp">
      <Filter>Mods and Fixes</Filter>
    </ClCompile>
    <ClCompile Include="d20_obj_registry.cpp">
      <Filter>Mods and Fixes</Filter>
    </ClCompile>
    <ClCompile Include="hotkeys.cpp">
      <Filter>ui</Filter>
    </ClCompile>
    <ClCompile Include="fixes\sector_cache_size.cpp" />
    <ClCompile Include="fixes\light_load.cpp" />
    <ClCompile Include="tig\tig_startup.cpp">
      <Filter>tig</Filter>
    </ClCompile>
    <ClCompile Include="fixes\keyboard.cpp" />
    <ClCompile Include="graphics\video_hooks.cpp" />
    <ClCompile Include="graphics\textures_hooks.cpp" />
    <ClCompile Include="gamesystems\gamesystems.cpp" />
    <ClCompile Include="gamesystems\legacy.cpp" />
    <ClCompile Include="gamesystems\gamerenderer.cpp" />
    <ClCompile Include="gamesystems\gamelib_load.cpp">
      <Filter>Mods and Fixes</Filter>
    </ClCompile>
    <ClCompile Include="gamesystems\gamelib_save.cpp">
      <Filter>Mods and Fixes</Filter>
    </ClCompile>
    <ClCompile Include="diag\diag.cpp" />
    <ClCompile Include="messages\messagequeue.cpp" />
    <ClCompile Include="fixes\messages.cpp" />
    <ClCompile Include="fixes\pointbuyconfig.cpp">
      <Filter>Mods and Fixes</Filter>
    </ClCompile>
    <ClCompile Include="fixes\generalfixes.cpp">
      <Filter>Mods and Fixes</Filter>
    </ClCompile>
    <ClCompile Include="graphics\materials_hooks.cpp" />
    <ClCompile Include="graphics\renderstates_hooks.cpp" />
    <ClCompile Include="graphics\render_hooks.cpp" />
    <ClCompile Include="fonts\fonts_hooks.cpp" />
    <ClCompile Include="graphics\mapterrain.cpp" />
    <ClCompile Include="gamesystems\clipping\clippingmesh.cpp" />
    <ClCompile Include="gamesystems\clipping\clipping_hooks.cpp" />
    <ClCompile Include="gamesystems\clipping\clipping.cpp" />
    <ClCompile Include="gamesystems\legacysystems.cpp" />
    <ClCompile Include="graphics\loadingscreen.cpp" />
    <ClCompile Include="graphics\imgfile.cpp" />
    <ClCompile Include="graphics\rectangle.cpp" />
    <ClCompile Include="gamesystems\mappreprocessor.cpp" />
    <ClCompile Include="gamesystems\objects\objid_hooks.cpp" />
    <ClCompile Include="gamesystems\objects\objregistry_hooks.cpp" />
    <ClCompile Include="gamesystems\mapobjrender.cpp" />
    <ClCompile Include="fonts\fonts_layout.cpp" />
    <ClCompile Include="fonts\fonts_render.cpp" />
    <ClCompile Include="gamesystems\partsystemsrenderer.cpp" />
    <ClCompile Include="gamesystems\particlesystems.cpp" />
    <ClCompile Include="gamesystems\particlesystems_hooks.cpp" />
    <ClCompile Include="obj_hooks.cpp" />
    <ClCompile Include="config\config_hooks.cpp" />
    <ClCompile Include="config\config.cpp">
      <Filter>utils</Filter>
    </ClCompile>
    <ClCompile Include="raycast.cpp" />
    <ClCompile Include="gamesystems\map\sector.cpp">
      <Filter>Map System</Filter>
    </ClCompile>
    <ClCompile Include="path_node.cpp">
      <Filter>Map System</Filter>
    </ClCompile>
    <ClCompile Include="maps.cpp">
      <Filter>Map System</Filter>
    </ClCompile>
    <ClCompile Include="gametime.cpp" />
    <ClCompile Include="gamesystems\froggrapplecontroller.cpp" />
    <ClCompile Include="temple_enums.cpp" />
    <ClCompile Include="diag\proto_cols.cpp" />
    <ClCompile Include="gamesystems\staticmeshes.cpp" />
    <ClCompile Include="gamesystems\mapsystem.cpp" />
    <ClCompile Include="gamesystems\legacymapsystems.cpp" />
    <ClCompile Include="gamesystems\mapsystem_hooks.cpp" />
    <ClCompile Include="gamesystems\timeevents.cpp" />
    <ClCompile Include="gamesystems\objects\objsystem.cpp" />
    <ClCompile Include="gamesystems\objects\objsystem_hooks.cpp" />
    <ClCompile Include="gamesystems\objects\objregistry.cpp" />
    <ClCompile Include="gamesystems\objects\objfields.cpp" />
    <ClCompile Include="gamesystems\objects\arrayidxbitmaps.cpp" />
    <ClCompile Include="gamesystems\objects\arrayidxbitmaps_hooks.cpp" />
    <ClCompile Include="gamesystems\objects\objprotos.cpp" />
    <ClCompile Include="gamesystems\objects\gameobject.cpp" />
    <ClCompile Include="gamesystems\objects\objfind.cpp" />
    <ClCompile Include="gamesystems\d20\d20stats.cpp" />
    <ClCompile Include="common.cpp" />
    <ClCompile Include="util\savegame.cpp" />
    <ClCompile Include="util\streams.cpp" />
    <ClCompile Include="util\datadump.cpp" />
    <ClCompile Include="gamesystems\map\gmesh.cpp" />
    <ClCompile Include="gamesystems\lightningrenderer.cpp" />
    <ClCompile Include="gamesystems\fogrenderer.cpp" />
    <ClCompile Include="ui\ui_pc_creation.cpp">
      <Filter>ui</Filter>
    </ClCompile>
    <ClCompile Include="ui\ui_intgame_turnbased.cpp">
      <Filter>ui</Filter>
    </ClCompile>
    <ClCompile Include="ui\ui_char_editor_feats.cpp">
      <Filter>ui</Filter>
    </ClCompile>
    <ClCompile Include="gamesystems\objects\objevent.cpp" />
    <ClCompile Include="ui\ui_party.cpp">
      <Filter>ui</Filter>
    </ClCompile>
    <ClCompile Include="ui\ui_char.cpp">
      <Filter>ui</Filter>
    </ClCompile>
    <ClCompile Include="updater\updater.cpp" />
    <ClCompile Include="tutorial.cpp" />
    <ClCompile Include="ui\ui_tooltip.cpp">
      <Filter>ui</Filter>
    </ClCompile>
    <ClCompile Include="protos.cpp" />
    <ClCompile Include="mod_support.cpp">
      <Filter>Mods and Fixes</Filter>
    </ClCompile>
    <ClCompile Include="python\python_bonus.cpp">
      <Filter>python</Filter>
    </ClCompile>
    <ClCompile Include="python\python_damage.cpp">
      <Filter>python</Filter>
    </ClCompile>
    <ClCompile Include="python\python_dispatcher.cpp">
      <Filter>python</Filter>
    </ClCompile>
    <ClCompile Include="python\python_areas.cpp">
      <Filter>python</Filter>
    </ClCompile>
    <ClCompile Include="python\python_cheats.cpp">
      <Filter>python</Filter>
    </ClCompile>
    <ClCompile Include="python\python_console.cpp">
      <Filter>python</Filter>
    </ClCompile>
    <ClCompile Include="python\python_consoleout.cpp">
      <Filter>python</Filter>
    </ClCompile>
    <ClCompile Include="python\python_counters.cpp">
      <Filter>python</Filter>
    </ClCompile>
    <ClCompile Include="python\python_dice.cpp">
      <Filter>python</Filter>
    </ClCompile>
    <ClCompile Include="python\python_embed.cpp">
      <Filter>python</Filter>
    </ClCompile>
    <ClCompile Include="python\python_game.cpp">
      <Filter>python</Filter>
    </ClCompile>
    <ClCompile Include="python\python_globalflags.cpp">
      <Filter>python</Filter>
    </ClCompile>
    <ClCompile Include="python\python_globalvars.cpp">
      <Filter>python</Filter>
    </ClCompile>
    <ClCompile Include="python\python_importer.cpp">
      <Filter>python</Filter>
    </ClCompile>
    <ClCompile Include="python\python_integration.cpp">
      <Filter>python</Filter>
    </ClCompile>
    <ClCompile Include="python\python_integration_brawl.cpp">
      <Filter>python</Filter>
    </ClCompile>
    <ClCompile Include="python\python_integration_encounter.cpp">
      <Filter>python</Filter>
    </ClCompile>
    <ClCompile Include="python\python_integration_obj.cpp">
      <Filter>python</Filter>
    </ClCompile>
    <ClCompile Include="python\python_integration_spells.cpp">
      <Filter>python</Filter>
    </ClCompile>
    <ClCompile Include="python\python_module.cpp">
      <Filter>python</Filter>
    </ClCompile>
    <ClCompile Include="python\python_object.cpp">
      <Filter>python</Filter>
    </ClCompile>
    <ClCompile Include="python\python_objectscripts.cpp">
      <Filter>python</Filter>
    </ClCompile>
    <ClCompile Include="python\python_quests.cpp">
      <Filter>python</Filter>
    </ClCompile>
    <ClCompile Include="python\python_scripts.cpp">
      <Filter>python</Filter>
    </ClCompile>
    <ClCompile Include="python\python_time.cpp">
      <Filter>python</Filter>
    </ClCompile>
    <ClCompile Include="python\python_timeevents.cpp">
      <Filter>python</Filter>
    </ClCompile>
    <ClCompile Include="python\python_tio.cpp">
      <Filter>python</Filter>
    </ClCompile>
    <ClCompile Include="python\python_trap.cpp">
      <Filter>python</Filter>
    </ClCompile>
    <ClCompile Include="spell_structs.cpp">
      <Filter>Mods and Fixes</Filter>
    </ClCompile>
    <ClCompile Include="obj_structs.cpp" />
    <ClCompile Include="ability_fixes.cpp">
      <Filter>Mods and Fixes\Condition Fixes</Filter>
    </ClCompile>
    <ClCompile Include="ui\ui_char_editor.cpp">
      <Filter>ui</Filter>
    </ClCompile>
    <ClCompile Include="python\python_integration_class_spec.cpp">
      <Filter>python</Filter>
    </ClCompile>
    <ClCompile Include="gameview.cpp" />
    <ClCompile Include="fonts\fonts_mapping.cpp" />
    <ClCompile Include="python\python_integration_d20_action.cpp">
      <Filter>python</Filter>
    </ClCompile>
    <ClCompile Include="ui\ui_popup.cpp">
      <Filter>ui</Filter>
    </ClCompile>
    <ClCompile Include="ui\ui_slider.cpp">
      <Filter>ui</Filter>
    </ClCompile>
    <ClCompile Include="ui\ui_alert.cpp">
      <Filter>ui</Filter>
    </ClCompile>
    <ClCompile Include="ui\ui_sticky.cpp">
      <Filter>ui</Filter>
    </ClCompile>
    <ClCompile Include="ui\ui_townmap.cpp">
      <Filter>ui</Filter>
    </ClCompile>
    <ClCompile Include="ui\ui_turn_based.cpp">
      <Filter>ui</Filter>
    </ClCompile>
    <ClCompile Include="ui\ui_tutorial.cpp">
      <Filter>ui</Filter>
    </ClCompile>
    <ClCompile Include="ui\ui_worldmap.cpp">
      <Filter>ui</Filter>
    </ClCompile>
    <ClCompile Include="ui\ui_dialog.cpp">
      <Filter>ui</Filter>
    </ClCompile>
    <ClCompile Include="ui\ui_combat.cpp">
      <Filter>ui</Filter>
    </ClCompile>
    <ClCompile Include="ui\ui_char_highresfix.cpp">
      <Filter>ui</Filter>
    </ClCompile>
    <ClCompile Include="gamesystems\ui_intgame_renderer.cpp">
      <Filter>ui</Filter>
    </ClCompile>
    <ClCompile Include="ui\ui_intgame_select.cpp">
      <Filter>ui</Filter>
    </ClCompile>
    <ClCompile Include="ui\ui_logbook.cpp">
      <Filter>ui</Filter>
    </ClCompile>
    <ClCompile Include="gamesystems\d20\d20_help.cpp" />
    <ClCompile Include="legacyscriptsystem.cpp" />
    <ClCompile Include="gamesystems\deity\legacydeitysystem.cpp" />
    <ClCompile Include="InfinityEngine.cpp" />
    <ClCompile Include="python\python_integration_feat.cpp">
      <Filter>python</Filter>
    </ClCompile>
    <ClCompile Include="ui\widgets\widget_content.cpp" />
    <ClCompile Include="ui\widgets\widgets.cpp" />
    <ClCompile Include="ui\widgets\widget_styles.cpp" />
    <ClCompile Include="ui\widgets\widget_doc.cpp" />
    <ClCompile Include="ui\ui_debug.cpp">
      <Filter>ui</Filter>
    </ClCompile>
    <ClCompile Include="rng.cpp" />
    <ClCompile Include="general_condition_fixes.cpp">
      <Filter>Mods and Fixes\Condition Fixes</Filter>
    </ClCompile>
    <ClCompile Include="portrait.cpp">
      <Filter>Mods and Fixes</Filter>
    </ClCompile>
    <ClCompile Include="ui\ui_dm.cpp">
      <Filter>ui</Filter>
    </ClCompile>
    <ClCompile Include="ui\ui_utility_bar.cpp">
      <Filter>ui</Filter>
    </ClCompile>
    <ClCompile Include="gamesystems\objfade.cpp" />
    <ClCompile Include="d20_defs.cpp" />
    <ClCompile Include="ui\ui_pc_creation_hooks.cpp">
      <Filter>ui</Filter>
    </ClCompile>
    <ClCompile Include="d20_race.cpp">
      <Filter>Mods and Fixes</Filter>
    </ClCompile>
    <ClCompile Include="ui\ui_charegen.cpp">
      <Filter>ui</Filter>
    </ClCompile>
    <ClCompile Include="python\python_integration_race.cpp" />
    <ClCompile Include="ui\ui_wrapper.cpp">
      <Filter>ui</Filter>
    </ClCompile>
    <ClCompile Include="ui\ui_assets.cpp">
      <Filter>ui</Filter>
    </ClCompile>
    <ClCompile Include="ui\ui_chargen.cpp">
      <Filter>ui</Filter>
    </ClCompile>
    <ClCompile Include="ui\ui_ingame.cpp">
      <Filter>ui</Filter>
    </ClCompile>
    <ClCompile Include="ui\ui_ingame_wrapper.cpp">
      <Filter>ui</Filter>
    </ClCompile>
    <ClCompile Include="ui\ui_legacysystems.cpp">
      <Filter>ui</Filter>
    </ClCompile>
    <ClCompile Include="ui\ui_mainmenu_wrapper.cpp">
      <Filter>ui</Filter>
    </ClCompile>
    <ClCompile Include="ui\ui_render.cpp">
      <Filter>ui</Filter>
    </ClCompile>
    <ClCompile Include="ui\ui_systems.cpp">
      <Filter>ui</Filter>
    </ClCompile>
    <ClCompile Include="ui\ui_systems_hooks.cpp">
      <Filter>ui</Filter>
    </ClCompile>
    <ClCompile Include="tig\tig.cpp">
      <Filter>tig</Filter>
    </ClCompile>
    <ClCompile Include="tig\tig_console.cpp">
      <Filter>tig</Filter>
    </ClCompile>
    <ClCompile Include="tig\tig_console_wrapper.cpp">
      <Filter>tig</Filter>
    </ClCompile>
    <ClCompile Include="tig\tig_sound.cpp">
      <Filter>tig</Filter>
    </ClCompile>
    <ClCompile Include="gamesystems\aas_hooks.cpp" />
    <ClCompile Include="raycast_hooks.cpp" />
    <ClCompile Include="animgoals\animgoals.cpp" />
    <ClCompile Include="animgoals\anim.cpp" />
    <ClCompile Include="animgoals\animgoals_hooks.cpp" />
    <ClCompile Include="frozen_obj_ref.cpp" />
    <ClCompile Include="frozen_obj_ref_hooks.cpp" />
    <ClCompile Include="animgoals\animgoals_stackentry.cpp" />
    <ClCompile Include="animgoals\animgoal.cpp" />
    <ClCompile Include="animgoals\animgoals_debugrenderer.cpp" />
    <ClCompile Include="animgoals\animgoals_callbacks.cpp" />
    <ClCompile Include="poison.cpp" />
    <ClCompile Include="gamesystems\tilerender.cpp" />
    <ClCompile Include="dungeon_master.cpp">
      <Filter>Dungeon Master</Filter>
    </ClCompile>
    <ClCompile Include="dungeon_master_obj_editor.cpp">
      <Filter>Dungeon Master</Filter>
    </ClCompile>
    <ClCompile Include="python\python_logbook.cpp">
      <Filter>python</Filter>
    </ClCompile>
    <ClCompile Include="python\python_roll_history.cpp">
      <Filter>python</Filter>
    </ClCompile>
    <ClCompile Include="python\python_gui.cpp">
      <Filter>python</Filter>
    </ClCompile>
  </ItemGroup>
  <ItemGroup>
    <ClInclude Include="movies.h" />
    <ClInclude Include="stdafx.h" />
    <ClInclude Include="temple_functions.h" />
    <ClInclude Include="mainwindow.h" />
    <ClInclude Include="temple_enums.h" />
    <ClInclude Include="xp.h">
      <Filter>Mods and Fixes</Filter>
    </ClInclude>
    <ClInclude Include="pathfinding.h" />
    <ClInclude Include="mainloop.h" />
    <ClInclude Include="feat.h">
      <Filter>Mods and Fixes</Filter>
    </ClInclude>
    <ClInclude Include="d20.h">
      <Filter>Mods and Fixes</Filter>
    </ClInclude>
    <ClInclude Include="spell.h">
      <Filter>Mods and Fixes</Filter>
    </ClInclude>
    <ClInclude Include="obj.h">
      <Filter>Mods and Fixes</Filter>
    </ClInclude>
    <ClInclude Include="combat.h">
      <Filter>Mods and Fixes</Filter>
    </ClInclude>
    <ClInclude Include="obj_fieldnames.h">
      <Filter>utils</Filter>
    </ClInclude>
    <ClInclude Include="description.h">
      <Filter>Mods and Fixes</Filter>
    </ClInclude>
    <ClInclude Include="map_obj.h" />
    <ClInclude Include="dispatcher.h">
      <Filter>Mods and Fixes</Filter>
    </ClInclude>
    <ClInclude Include="obj_structs.h">
      <Filter>Mods and Fixes</Filter>
    </ClInclude>
    <ClInclude Include="spell_structs.h">
      <Filter>Mods and Fixes</Filter>
    </ClInclude>
    <ClInclude Include="common.h">
      <Filter>Mods and Fixes</Filter>
    </ClInclude>
    <ClInclude Include="d20_defs.h">
      <Filter>Mods and Fixes</Filter>
    </ClInclude>
    <ClInclude Include="weapon.h">
      <Filter>Mods and Fixes</Filter>
    </ClInclude>
    <ClInclude Include="condition.h">
      <Filter>Mods and Fixes</Filter>
    </ClInclude>
    <ClInclude Include="inventory.h">
      <Filter>Mods and Fixes</Filter>
    </ClInclude>
    <ClInclude Include="tig\tig.h">
      <Filter>tig</Filter>
    </ClInclude>
    <ClInclude Include="tig\tig_font.h">
      <Filter>tig</Filter>
    </ClInclude>
    <ClInclude Include="tig\tig_loadingscreen.h">
      <Filter>tig</Filter>
    </ClInclude>
    <ClInclude Include="tig\tig_mes.h">
      <Filter>tig</Filter>
    </ClInclude>
    <ClInclude Include="tig\tig_mouse.h">
      <Filter>tig</Filter>
    </ClInclude>
    <ClInclude Include="tig\tig_msg.h">
      <Filter>tig</Filter>
    </ClInclude>
    <ClInclude Include="tig\tig_shader.h">
      <Filter>tig</Filter>
    </ClInclude>
    <ClInclude Include="tig\tig_texture.h">
      <Filter>tig</Filter>
    </ClInclude>
    <ClInclude Include="tig\tig_tokenizer.h">
      <Filter>tig</Filter>
    </ClInclude>
    <ClInclude Include="faction.h">
      <Filter>Mods and Fixes</Filter>
    </ClInclude>
    <ClInclude Include="party.h">
      <Filter>Mods and Fixes</Filter>
    </ClInclude>
    <ClInclude Include="idxtables.h">
      <Filter>generic data structures</Filter>
    </ClInclude>
    <ClInclude Include="hashtable.h">
      <Filter>generic data structures</Filter>
    </ClInclude>
    <ClInclude Include="python\python_debug.h">
      <Filter>python</Filter>
    </ClInclude>
    <ClInclude Include="python\python_header.h">
      <Filter>python</Filter>
    </ClInclude>
    <ClInclude Include="python\pythonglobal.h">
      <Filter>python</Filter>
    </ClInclude>
    <ClInclude Include="goalfuncnames.h" />
    <ClInclude Include="ui\ui_mainmenu.h">
      <Filter>ui</Filter>
    </ClInclude>
    <ClInclude Include="ui\ui_item_creation.h">
      <Filter>ui</Filter>
    </ClInclude>
    <ClInclude Include="ui\ui.h">
      <Filter>ui</Filter>
    </ClInclude>
    <ClInclude Include="util\fixes.h">
      <Filter>Mods and Fixes</Filter>
    </ClInclude>
    <ClInclude Include="util\folderutils.h">
      <Filter>utils</Filter>
    </ClInclude>
    <ClInclude Include="tio\tio.h" />
    <ClInclude Include="tio\tio_utils.h" />
    <ClInclude Include="float_line.h" />
    <ClInclude Include="location.h" />
    <ClInclude Include="secret_door.h">
      <Filter>Mods and Fixes</Filter>
    </ClInclude>
    <ClInclude Include="skill.h">
      <Filter>Mods and Fixes</Filter>
    </ClInclude>
    <ClInclude Include="history.h">
      <Filter>Mods and Fixes</Filter>
    </ClInclude>
    <ClInclude Include="bonus.h">
      <Filter>Mods and Fixes</Filter>
    </ClInclude>
    <ClInclude Include="ai.h">
      <Filter>Mods and Fixes</Filter>
    </ClInclude>
    <ClInclude Include="action_sequence.h">
      <Filter>Mods and Fixes</Filter>
    </ClInclude>
    <ClInclude Include="turn_based.h">
      <Filter>Mods and Fixes</Filter>
    </ClInclude>
    <ClInclude Include="critter.h">
      <Filter>Mods and Fixes</Filter>
    </ClInclude>
    <ClInclude Include="tab_file.h" />
    <ClInclude Include="d20_class.h">
      <Filter>Mods and Fixes</Filter>
    </ClInclude>
    <ClInclude Include="d20_status.h">
      <Filter>Mods and Fixes</Filter>
    </ClInclude>
    <ClInclude Include="ui\ui_picker.h">
      <Filter>ui</Filter>
    </ClInclude>
    <ClInclude Include="objlist.h" />
    <ClInclude Include="python\python_spell.h">
      <Filter>python</Filter>
    </ClInclude>
    <ClInclude Include="d20_level.h">
      <Filter>Mods and Fixes</Filter>
    </ClInclude>
    <ClInclude Include="damage.h" />
    <ClInclude Include="dialog.h" />
    <ClInclude Include="dice.h" />
    <ClInclude Include="fade.h" />
    <ClInclude Include="particles.h" />
    <ClInclude Include="quest.h" />
    <ClInclude Include="radialmenu.h" />
    <ClInclude Include="reputations.h" />
    <ClInclude Include="textbubbles.h" />
    <ClInclude Include="traps.h" />
    <ClInclude Include="sound.h" />
    <ClInclude Include="d20_levelup.h">
      <Filter>Mods and Fixes</Filter>
    </ClInclude>
    <ClInclude Include="d20_obj_registry.h">
      <Filter>Mods and Fixes</Filter>
    </ClInclude>
    <ClInclude Include="hotkeys.h">
      <Filter>ui</Filter>
    </ClInclude>
    <ClInclude Include="tig\tig_startup.h">
      <Filter>tig</Filter>
    </ClInclude>
    <ClInclude Include="graphics\video_hooks.h" />
    <ClInclude Include="graphics\legacyvideosystem.h" />
    <ClInclude Include="gamesystems\gamesystems.h" />
    <ClInclude Include="gamesystems\legacy.h" />
    <ClInclude Include="gamesystems\gamerenderer.h" />
    <ClInclude Include="diag\diag.h" />
    <ClInclude Include="messages\messagequeue.h" />
    <ClInclude Include="graphics\materials_hooks.h" />
    <ClInclude Include="graphics\renderstates_hooks.h" />
    <ClInclude Include="graphics\render_hooks.h" />
    <ClInclude Include="graphics\mapterrain.h" />
    <ClInclude Include="gamesystems\clipping\clippingmesh.h" />
    <ClInclude Include="gamesystems\clipping\clipping.h" />
    <ClInclude Include="gamesystems\legacysystems.h" />
    <ClInclude Include="graphics\loadingscreen.h" />
    <ClInclude Include="graphics\imgfile.h" />
    <ClInclude Include="graphics\rectangle.h" />
    <ClInclude Include="gamesystems\mappreprocessor.h" />
    <ClInclude Include="gamesystems\gamesystem.h" />
    <ClInclude Include="gamesystems\mapobjrender.h" />
    <ClInclude Include="fonts\fonts.h" />
    <ClInclude Include="gamesystems\partsystemsrenderer.h" />
    <ClInclude Include="gamesystems\particlesystems.h" />
    <ClInclude Include="config\config.h">
      <Filter>utils</Filter>
    </ClInclude>
    <ClInclude Include="raycast.h" />
    <ClInclude Include="gamesystems\map\sector.h">
      <Filter>Map System</Filter>
    </ClInclude>
    <ClInclude Include="path_node.h">
      <Filter>Map System</Filter>
    </ClInclude>
    <ClInclude Include="maps.h">
      <Filter>Map System</Filter>
    </ClInclude>
    <ClInclude Include="gametime.h" />
    <ClInclude Include="gamesystems\loadingscreen.h" />
    <ClInclude Include="gamesystems\froggrapplecontroller.h" />
    <ClInclude Include="gamesystems\staticmeshes.h" />
    <ClInclude Include="gamesystems\mapsystem.h" />
    <ClInclude Include="gamesystems\legacymapsystems.h" />
    <ClInclude Include="gamesystems\timeevents.h" />
    <ClInclude Include="gamesystems\objects\objsystem.h" />
    <ClInclude Include="gamesystems\objects\objregistry.h" />
    <ClInclude Include="gamesystems\objects\objfields.h" />
    <ClInclude Include="gamesystems\objects\arrayidxbitmaps.h" />
    <ClInclude Include="gamesystems\objects\objarrays.h" />
    <ClInclude Include="gamesystems\objects\gameobject.h" />
    <ClInclude Include="gamesystems\objects\objfind.h" />
    <ClInclude Include="gamesystems\d20\d20stats.h" />
    <ClInclude Include="util\savegame.h" />
    <ClInclude Include="util\streams.h" />
    <ClInclude Include="util\datadump.h" />
    <ClInclude Include="gamesystems\map\gmesh.h" />
    <ClInclude Include="gamesystems\lightningrenderer.h" />
    <ClInclude Include="gamesystems\fogrenderer.h" />
    <ClInclude Include="ui\ui_char_editor.h">
      <Filter>ui</Filter>
    </ClInclude>
    <ClInclude Include="ui\ui_intgame_turnbased.h">
      <Filter>ui</Filter>
    </ClInclude>
    <ClInclude Include="gamesystems\objects\objevent.h" />
    <ClInclude Include="updater\updater.h" />
    <ClInclude Include="ui\ui_party.h">
      <Filter>ui</Filter>
    </ClInclude>
    <ClInclude Include="tutorial.h" />
    <ClInclude Include="ui\ui_tooltip.h">
      <Filter>ui</Filter>
    </ClInclude>
    <ClInclude Include="mod_support.h">
      <Filter>Mods and Fixes</Filter>
    </ClInclude>
    <ClInclude Include="python\python_bonus.h">
      <Filter>python</Filter>
    </ClInclude>
    <ClInclude Include="python\python_damage.h">
      <Filter>python</Filter>
    </ClInclude>
    <ClInclude Include="python\python_dispatcher.h">
      <Filter>python</Filter>
    </ClInclude>
    <ClInclude Include="python\python_areas.h">
      <Filter>python</Filter>
    </ClInclude>
    <ClInclude Include="python\python_cheats.h">
      <Filter>python</Filter>
    </ClInclude>
    <ClInclude Include="python\python_console.h">
      <Filter>python</Filter>
    </ClInclude>
    <ClInclude Include="python\python_consoleout.h">
      <Filter>python</Filter>
    </ClInclude>
    <ClInclude Include="python\python_counters.h">
      <Filter>python</Filter>
    </ClInclude>
    <ClInclude Include="python\python_dice.h">
      <Filter>python</Filter>
    </ClInclude>
    <ClInclude Include="python\python_embed.h">
      <Filter>python</Filter>
    </ClInclude>
    <ClInclude Include="python\python_error.h">
      <Filter>python</Filter>
    </ClInclude>
    <ClInclude Include="python\python_game.h">
      <Filter>python</Filter>
    </ClInclude>
    <ClInclude Include="python\python_globalflags.h">
      <Filter>python</Filter>
    </ClInclude>
    <ClInclude Include="python\python_globalvars.h">
      <Filter>python</Filter>
    </ClInclude>
    <ClInclude Include="python\python_importer.h">
      <Filter>python</Filter>
    </ClInclude>
    <ClInclude Include="python\python_integration.h">
      <Filter>python</Filter>
    </ClInclude>
    <ClInclude Include="python\python_integration_obj.h">
      <Filter>python</Filter>
    </ClInclude>
    <ClInclude Include="python\python_integration_spells.h">
      <Filter>python</Filter>
    </ClInclude>
    <ClInclude Include="python\python_module.h">
      <Filter>python</Filter>
    </ClInclude>
    <ClInclude Include="python\python_object.h">
      <Filter>python</Filter>
    </ClInclude>
    <ClInclude Include="python\python_objectscripts.h">
      <Filter>python</Filter>
    </ClInclude>
    <ClInclude Include="python\python_quests.h">
      <Filter>python</Filter>
    </ClInclude>
    <ClInclude Include="python\python_support.h">
      <Filter>python</Filter>
    </ClInclude>
    <ClInclude Include="python\python_time.h">
      <Filter>python</Filter>
    </ClInclude>
    <ClInclude Include="python\python_timeevents.h">
      <Filter>python</Filter>
    </ClInclude>
    <ClInclude Include="python\python_tio.h">
      <Filter>python</Filter>
    </ClInclude>
    <ClInclude Include="python\python_trap.h">
      <Filter>python</Filter>
    </ClInclude>
    <ClInclude Include="poison.h" />
    <ClInclude Include="python\python_integration_class_spec.h">
      <Filter>python</Filter>
    </ClInclude>
    <ClInclude Include="gameview.h" />
    <ClInclude Include="fonts\fonts_mapping.h" />
    <ClInclude Include="python\python_integration_d20_action.h">
      <Filter>python</Filter>
    </ClInclude>
    <ClInclude Include="ui\ui_popup.h">
      <Filter>ui</Filter>
    </ClInclude>
    <ClInclude Include="ui\ui_slider.h">
      <Filter>ui</Filter>
    </ClInclude>
    <ClInclude Include="ui\ui_sticky.h">
      <Filter>ui</Filter>
    </ClInclude>
    <ClInclude Include="ui\ui_alert.h">
      <Filter>ui</Filter>
    </ClInclude>
    <ClInclude Include="ui\ui_tutorial.h">
      <Filter>ui</Filter>
    </ClInclude>
    <ClInclude Include="ui\ui_dialog.h">
      <Filter>ui</Filter>
    </ClInclude>
    <ClInclude Include="ui\ui_combat.h">
      <Filter>ui</Filter>
    </ClInclude>
    <ClInclude Include="ui\ui_intgame_select.h">
      <Filter>ui</Filter>
    </ClInclude>
    <ClInclude Include="gamesystems\ui_intgame_renderer.h">
      <Filter>ui</Filter>
    </ClInclude>
    <ClInclude Include="ui\ui_logbook.h">
      <Filter>ui</Filter>
    </ClInclude>
    <ClInclude Include="gamesystems\d20\d20_help.h" />
    <ClInclude Include="legacyscriptsystem.h" />
    <ClInclude Include="gamesystems\deity\legacydeitysystem.h" />
    <ClInclude Include="InfinityEngine.h" />
    <ClInclude Include="python\python_integration_feat.h">
      <Filter>python</Filter>
    </ClInclude>
    <ClInclude Include="resource.h" />
    <ClInclude Include="ui\ui_turn_based.h">
      <Filter>ui</Filter>
    </ClInclude>
    <ClInclude Include="ui\widgets\widget_content.h" />
    <ClInclude Include="ui\widgets\widgets.h" />
    <ClInclude Include="ui\widgets\widget_styles.h" />
    <ClInclude Include="ui\widgets\widget_doc.h" />
    <ClInclude Include="ui\ui_debug.h">
      <Filter>ui</Filter>
    </ClInclude>
    <ClInclude Include="rng.h" />
    <ClInclude Include="ui\ui_dm.h">
      <Filter>ui</Filter>
    </ClInclude>
    <ClInclude Include="gamesystems\objfade.h" />
    <ClInclude Include="gamesystems\random_encounter.h" />
    <ClInclude Include="ui\ui_pc_creation.h">
      <Filter>ui</Filter>
    </ClInclude>
    <ClInclude Include="d20_race.h">
      <Filter>Mods and Fixes</Filter>
    </ClInclude>
    <ClInclude Include="ui\ui_chargen.h">
      <Filter>ui</Filter>
    </ClInclude>
    <ClInclude Include="python\python_integration_race.h">
      <Filter>python</Filter>
    </ClInclude>
    <ClInclude Include="ui\ui_char.h">
      <Filter>ui</Filter>
    </ClInclude>
    <ClInclude Include="ui\ui_assets.h">
      <Filter>ui</Filter>
    </ClInclude>
    <ClInclude Include="ui\ui_ingame.h">
      <Filter>ui</Filter>
    </ClInclude>
    <ClInclude Include="ui\ui_intgame_wrapper.h">
      <Filter>ui</Filter>
    </ClInclude>
    <ClInclude Include="ui\ui_legacysystems.h">
      <Filter>ui</Filter>
    </ClInclude>
    <ClInclude Include="ui\ui_render.h">
      <Filter>ui</Filter>
    </ClInclude>
    <ClInclude Include="ui\ui_system.h">
      <Filter>ui</Filter>
    </ClInclude>
    <ClInclude Include="ui\ui_systems.h">
      <Filter>ui</Filter>
    </ClInclude>
    <ClInclude Include="ui\ui_worldmap.h">
      <Filter>ui</Filter>
    </ClInclude>
    <ClInclude Include="tig\tig_tabparser.h">
      <Filter>tig</Filter>
    </ClInclude>
    <ClInclude Include="tig\tig_console.h">
      <Filter>tig</Filter>
    </ClInclude>
    <ClInclude Include="tig\tig_keyboard.h">
      <Filter>tig</Filter>
    </ClInclude>
    <ClInclude Include="tig\tig_sound.h">
      <Filter>tig</Filter>
    </ClInclude>
    <ClInclude Include="ui\ui_townmap.h">
      <Filter>ui</Filter>
    </ClInclude>
    <ClInclude Include="gamesystems\aas_hooks.h" />
    <ClInclude Include="animgoals\animgoal.h" />
    <ClInclude Include="animgoals\anim.h" />
    <ClInclude Include="frozen_obj_ref.h" />
    <ClInclude Include="animgoals\animgoals_stackentry.h" />
    <ClInclude Include="animgoals\animgoals.h" />
    <ClInclude Include="animgoals\animgoals_debugrenderer.h" />
    <ClInclude Include="animgoals\anim_slot.h" />
    <ClInclude Include="animgoals\animgoals_callbacks.h" />
    <ClInclude Include="gamesystems\tilerender.h" />
    <ClInclude Include="dungeon_master.h">
      <Filter>Dungeon Master</Filter>
    </ClInclude>
    <ClInclude Include="ui\ui_python.h">
      <Filter>ui</Filter>
    </ClInclude>
  </ItemGroup>
  <ItemGroup>
    <Filter Include="Mods and Fixes">
      <UniqueIdentifier>{16476d0b-e734-44fe-9cae-2e14bb4ee82b}</UniqueIdentifier>
    </Filter>
    <Filter Include="tig">
      <UniqueIdentifier>{c43770f8-71a3-4e2c-b97f-6390dae5f4e6}</UniqueIdentifier>
    </Filter>
    <Filter Include="ui">
      <UniqueIdentifier>{195f3d3d-0968-44d0-8e72-4d9461dacce0}</UniqueIdentifier>
    </Filter>
    <Filter Include="python">
      <UniqueIdentifier>{ea100e12-e4d1-4df0-8ed7-e2ba3025f6e5}</UniqueIdentifier>
    </Filter>
    <Filter Include="utils">
      <UniqueIdentifier>{66b79c6d-b1d5-4441-b7c0-6af6c3fc49a8}</UniqueIdentifier>
    </Filter>
    <Filter Include="resources">
      <UniqueIdentifier>{c55bf3c4-caa1-41f3-8954-f4017d3b70e6}</UniqueIdentifier>
    </Filter>
    <Filter Include="generic data structures">
      <UniqueIdentifier>{9fef2488-221b-44e8-90ae-f5cf72e4b8b1}</UniqueIdentifier>
    </Filter>
    <Filter Include="Map System">
      <UniqueIdentifier>{fb2e2871-e639-4102-bf7f-dfc52c18449f}</UniqueIdentifier>
    </Filter>
    <Filter Include="Mods and Fixes\Condition Fixes">
      <UniqueIdentifier>{0e53287e-d500-4b3d-a274-09c4e0cf6dbf}</UniqueIdentifier>
    </Filter>
    <Filter Include="Dungeon Master">
      <UniqueIdentifier>{868c4975-9e38-4f4c-87f3-8e6d4bfc3e58}</UniqueIdentifier>
    </Filter>
  </ItemGroup>
  <ItemGroup>
    <Image Include="toee_gog_icon.ico">
      <Filter>resources</Filter>
    </Image>
  </ItemGroup>
  <ItemGroup>
    <ResourceCompile Include="resource.rc">
      <Filter>resources</Filter>
    </ResourceCompile>
  </ItemGroup>
  <ItemGroup>
    <Xml Include="manifest.xml" />
  </ItemGroup>
</Project>