<?xml version="1.0" encoding="utf-8"?>
<Project ToolsVersion="4.0" xmlns="http://schemas.microsoft.com/developer/msbuild/2003">
  <ItemGroup>
    <Filter Include="Source Files">
      <UniqueIdentifier>{4FC737F1-C7A5-4376-A066-2A32D752A2FF}</UniqueIdentifier>
      <Extensions>cpp;c;cc;cxx;def;odl;idl;hpj;bat;asm;asmx</Extensions>
    </Filter>
    <Filter Include="Header Files">
      <UniqueIdentifier>{93995380-89BD-4b04-88EB-625FBE52EBFB}</UniqueIdentifier>
      <Extensions>h;hh;hpp;hxx;hm;inl;inc;xsd</Extensions>
    </Filter>
    <Filter Include="Resource Files">
      <UniqueIdentifier>{67DA6AB6-F800-4c08-8B7A-83BB121AAD01}</UniqueIdentifier>
      <Extensions>rc;ico;cur;bmp;dlg;rc2;rct;bin;rgs;gif;jpg;jpeg;jpe;resx;tiff;tif;png;wav;mfcribbon-ms</Extensions>
    </Filter>
  </ItemGroup>
  <ItemGroup>
    <ClInclude Include="include\EASTL\bonus\call_traits.h">
      <Filter>Header Files</Filter>
    </ClInclude>
    <ClInclude Include="include\EASTL\bonus\compressed_pair.h">
      <Filter>Header Files</Filter>
    </ClInclude>
    <ClInclude Include="include\EASTL\bonus\fixed_string_abstract.h">
      <Filter>Header Files</Filter>
    </ClInclude>
    <ClInclude Include="include\EASTL\bonus\intrusive_sdlist.h">
      <Filter>Header Files</Filter>
    </ClInclude>
    <ClInclude Include="include\EASTL\bonus\intrusive_slist.h">
      <Filter>Header Files</Filter>
    </ClInclude>
    <ClInclude Include="include\EASTL\bonus\list_map.h">
      <Filter>Header Files</Filter>
    </ClInclude>
    <ClInclude Include="include\EASTL\bonus\ring_buffer.h">
      <Filter>Header Files</Filter>
    </ClInclude>
    <ClInclude Include="include\EASTL\bonus\sort_extra.h">
      <Filter>Header Files</Filter>
    </ClInclude>
    <ClInclude Include="include\EASTL\bonus\sparse_matrix.h">
      <Filter>Header Files</Filter>
    </ClInclude>
    <ClInclude Include="include\EASTL\bonus\string_abstract.h">
      <Filter>Header Files</Filter>
    </ClInclude>
    <ClInclude Include="include\EASTL\internal\allocator_traits.h">
      <Filter>Header Files</Filter>
    </ClInclude>
    <ClInclude Include="include\EASTL\internal\allocator_traits_fwd_decls.h">
      <Filter>Header Files</Filter>
    </ClInclude>
    <ClInclude Include="include\EASTL\internal\config.h">
      <Filter>Header Files</Filter>
    </ClInclude>
    <ClInclude Include="include\EASTL\internal\copy_help.h">
      <Filter>Header Files</Filter>
    </ClInclude>
    <ClInclude Include="include\EASTL\internal\enable_shared.h">
      <Filter>Header Files</Filter>
    </ClInclude>
    <ClInclude Include="include\EASTL\internal\fill_help.h">
      <Filter>Header Files</Filter>
    </ClInclude>
    <ClInclude Include="include\EASTL\internal\fixed_pool.h">
      <Filter>Header Files</Filter>
    </ClInclude>
    <ClInclude Include="include\EASTL\internal\function.h">
      <Filter>Header Files</Filter>
    </ClInclude>
    <ClInclude Include="include\EASTL\internal\functional_base.h">
      <Filter>Header Files</Filter>
    </ClInclude>
    <ClInclude Include="include\EASTL\internal\generic_iterator.h">
      <Filter>Header Files</Filter>
    </ClInclude>
    <ClInclude Include="include\EASTL\internal\hashtable.h">
      <Filter>Header Files</Filter>
    </ClInclude>
    <ClInclude Include="include\EASTL\internal\integer_sequence.h">
      <Filter>Header Files</Filter>
    </ClInclude>
    <ClInclude Include="include\EASTL\internal\intrusive_hashtable.h">
      <Filter>Header Files</Filter>
    </ClInclude>
    <ClInclude Include="include\EASTL\internal\mem_fn.h">
      <Filter>Header Files</Filter>
    </ClInclude>
    <ClInclude Include="include\EASTL\internal\move_help.h">
      <Filter>Header Files</Filter>
    </ClInclude>
    <ClInclude Include="include\EASTL\internal\pair_fwd_decls.h">
      <Filter>Header Files</Filter>
    </ClInclude>
    <ClInclude Include="include\EASTL\internal\red_black_tree.h">
      <Filter>Header Files</Filter>
    </ClInclude>
    <ClInclude Include="include\EASTL\internal\smart_ptr.h">
      <Filter>Header Files</Filter>
    </ClInclude>
    <ClInclude Include="include\EASTL\internal\thread_support.h">
      <Filter>Header Files</Filter>
    </ClInclude>
    <ClInclude Include="include\EASTL\internal\tuple_fwd_decls.h">
      <Filter>Header Files</Filter>
    </ClInclude>
    <ClInclude Include="include\EASTL\internal\type_compound.h">
      <Filter>Header Files</Filter>
    </ClInclude>
    <ClInclude Include="include\EASTL\internal\type_fundamental.h">
      <Filter>Header Files</Filter>
    </ClInclude>
    <ClInclude Include="include\EASTL\internal\type_pod.h">
      <Filter>Header Files</Filter>
    </ClInclude>
    <ClInclude Include="include\EASTL\internal\type_properties.h">
      <Filter>Header Files</Filter>
    </ClInclude>
    <ClInclude Include="include\EASTL\internal\type_transformations.h">
      <Filter>Header Files</Filter>
    </ClInclude>
    <ClInclude Include="include\EASTL\algorithm.h">
      <Filter>Header Files</Filter>
    </ClInclude>
    <ClInclude Include="include\EASTL\allocator.h">
      <Filter>Header Files</Filter>
    </ClInclude>
    <ClInclude Include="include\EASTL\allocator_malloc.h">
      <Filter>Header Files</Filter>
    </ClInclude>
    <ClInclude Include="include\EASTL\array.h">
      <Filter>Header Files</Filter>
    </ClInclude>
    <ClInclude Include="include\EASTL\bitset.h">
      <Filter>Header Files</Filter>
    </ClInclude>
    <ClInclude Include="include\EASTL\bitvector.h">
      <Filter>Header Files</Filter>
    </ClInclude>
    <ClInclude Include="include\EASTL\chrono.h">
      <Filter>Header Files</Filter>
    </ClInclude>
    <ClInclude Include="include\EASTL\core_allocator.h">
      <Filter>Header Files</Filter>
    </ClInclude>
    <ClInclude Include="include\EASTL\core_allocator_adapter.h">
      <Filter>Header Files</Filter>
    </ClInclude>
    <ClInclude Include="include\EASTL\deque.h">
      <Filter>Header Files</Filter>
    </ClInclude>
    <ClInclude Include="include\EASTL\fixed_allocator.h">
      <Filter>Header Files</Filter>
    </ClInclude>
    <ClInclude Include="include\EASTL\fixed_hash_map.h">
      <Filter>Header Files</Filter>
    </ClInclude>
    <ClInclude Include="include\EASTL\fixed_hash_set.h">
      <Filter>Header Files</Filter>
    </ClInclude>
    <ClInclude Include="include\EASTL\fixed_list.h">
      <Filter>Header Files</Filter>
    </ClInclude>
    <ClInclude Include="include\EASTL\fixed_map.h">
      <Filter>Header Files</Filter>
    </ClInclude>
    <ClInclude Include="include\EASTL\fixed_set.h">
      <Filter>Header Files</Filter>
    </ClInclude>
    <ClInclude Include="include\EASTL\fixed_slist.h">
      <Filter>Header Files</Filter>
    </ClInclude>
    <ClInclude Include="include\EASTL\fixed_string.h">
      <Filter>Header Files</Filter>
    </ClInclude>
    <ClInclude Include="include\EASTL\fixed_substring.h">
      <Filter>Header Files</Filter>
    </ClInclude>
    <ClInclude Include="include\EASTL\fixed_vector.h">
      <Filter>Header Files</Filter>
    </ClInclude>
    <ClInclude Include="include\EASTL\functional.h">
      <Filter>Header Files</Filter>
    </ClInclude>
    <ClInclude Include="include\EASTL\hash_map.h">
      <Filter>Header Files</Filter>
    </ClInclude>
    <ClInclude Include="include\EASTL\hash_set.h">
      <Filter>Header Files</Filter>
    </ClInclude>
    <ClInclude Include="include\EASTL\heap.h">
      <Filter>Header Files</Filter>
    </ClInclude>
    <ClInclude Include="include\EASTL\initializer_list.h">
      <Filter>Header Files</Filter>
    </ClInclude>
    <ClInclude Include="include\EASTL\intrusive_hash_map.h">
      <Filter>Header Files</Filter>
    </ClInclude>
    <ClInclude Include="include\EASTL\intrusive_hash_set.h">
      <Filter>Header Files</Filter>
    </ClInclude>
    <ClInclude Include="include\EASTL\intrusive_list.h">
      <Filter>Header Files</Filter>
    </ClInclude>
    <ClInclude Include="include\EASTL\intrusive_ptr.h">
      <Filter>Header Files</Filter>
    </ClInclude>
    <ClInclude Include="include\EASTL\iterator.h">
      <Filter>Header Files</Filter>
    </ClInclude>
    <ClInclude Include="include\EASTL\linked_array.h">
      <Filter>Header Files</Filter>
    </ClInclude>
    <ClInclude Include="include\EASTL\linked_ptr.h">
      <Filter>Header Files</Filter>
    </ClInclude>
    <ClInclude Include="include\EASTL\list.h">
      <Filter>Header Files</Filter>
    </ClInclude>
    <ClInclude Include="include\EASTL\map.h">
      <Filter>Header Files</Filter>
    </ClInclude>
    <ClInclude Include="include\EASTL\memory.h">
      <Filter>Header Files</Filter>
    </ClInclude>
    <ClInclude Include="include\EASTL\numeric.h">
      <Filter>Header Files</Filter>
    </ClInclude>
    <ClInclude Include="include\EASTL\numeric_limits.h">
      <Filter>Header Files</Filter>
    </ClInclude>
    <ClInclude Include="include\EASTL\priority_queue.h">
      <Filter>Header Files</Filter>
    </ClInclude>
    <ClInclude Include="include\EASTL\queue.h">
      <Filter>Header Files</Filter>
    </ClInclude>
    <ClInclude Include="include\EASTL\random.h">
      <Filter>Header Files</Filter>
    </ClInclude>
    <ClInclude Include="include\EASTL\ratio.h">
      <Filter>Header Files</Filter>
    </ClInclude>
    <ClInclude Include="include\EASTL\safe_ptr.h">
      <Filter>Header Files</Filter>
    </ClInclude>
    <ClInclude Include="include\EASTL\scoped_array.h">
      <Filter>Header Files</Filter>
    </ClInclude>
    <ClInclude Include="include\EASTL\scoped_ptr.h">
      <Filter>Header Files</Filter>
    </ClInclude>
    <ClInclude Include="include\EASTL\set.h">
      <Filter>Header Files</Filter>
    </ClInclude>
    <ClInclude Include="include\EASTL\shared_array.h">
      <Filter>Header Files</Filter>
    </ClInclude>
    <ClInclude Include="include\EASTL\shared_ptr.h">
      <Filter>Header Files</Filter>
    </ClInclude>
    <ClInclude Include="include\EASTL\slist.h">
      <Filter>Header Files</Filter>
    </ClInclude>
    <ClInclude Include="include\EASTL\sort.h">
      <Filter>Header Files</Filter>
    </ClInclude>
    <ClInclude Include="include\EASTL\stack.h">
      <Filter>Header Files</Filter>
    </ClInclude>
    <ClInclude Include="include\EASTL\string.h">
      <Filter>Header Files</Filter>
    </ClInclude>
    <ClInclude Include="include\EASTL\tuple.h">
      <Filter>Header Files</Filter>
    </ClInclude>
    <ClInclude Include="include\EASTL\type_traits.h">
      <Filter>Header Files</Filter>
    </ClInclude>
    <ClInclude Include="include\EASTL\unique_ptr.h">
      <Filter>Header Files</Filter>
    </ClInclude>
    <ClInclude Include="include\EASTL\utility.h">
      <Filter>Header Files</Filter>
    </ClInclude>
    <ClInclude Include="include\EASTL\vector.h">
      <Filter>Header Files</Filter>
    </ClInclude>
    <ClInclude Include="include\EASTL\vector_map.h">
      <Filter>Header Files</Filter>
    </ClInclude>
    <ClInclude Include="include\EASTL\vector_multimap.h">
      <Filter>Header Files</Filter>
    </ClInclude>
    <ClInclude Include="include\EASTL\vector_multiset.h">
      <Filter>Header Files</Filter>
    </ClInclude>
    <ClInclude Include="include\EASTL\vector_set.h">
      <Filter>Header Files</Filter>
    </ClInclude>
    <ClInclude Include="include\EASTL\version.h">
      <Filter>Header Files</Filter>
    </ClInclude>
    <ClInclude Include="include\EASTL\weak_ptr.h">
      <Filter>Header Files</Filter>
    </ClInclude>
    <ClInclude Include="include\EABase\config\eacompiler.h">
      <Filter>Header Files</Filter>
    </ClInclude>
    <ClInclude Include="include\EABase\config\eacompilertraits.h">
      <Filter>Header Files</Filter>
    </ClInclude>
    <ClInclude Include="include\EABase\config\eaplatform.h">
      <Filter>Header Files</Filter>
    </ClInclude>
    <ClInclude Include="include\EABase\eabase.h">
      <Filter>Header Files</Filter>
    </ClInclude>
    <ClInclude Include="include\EABase\eahave.h">
      <Filter>Header Files</Filter>
    </ClInclude>
    <ClInclude Include="include\EABase\earesult.h">
      <Filter>Header Files</Filter>
    </ClInclude>
    <ClInclude Include="include\EABase\eastdarg.h">
      <Filter>Header Files</Filter>
    </ClInclude>
    <ClInclude Include="include\EABase\nullptr.h">
      <Filter>Header Files</Filter>
    </ClInclude>
    <ClInclude Include="include\EABase\version.h">
      <Filter>Header Files</Filter>
    </ClInclude>
  </ItemGroup>
  <ItemGroup>
    <ClCompile Include="source\allocator_eastl.cpp">
      <Filter>Source Files</Filter>
    </ClCompile>
    <ClCompile Include="source\assert.cpp">
      <Filter>Source Files</Filter>
    </ClCompile>
    <ClCompile Include="source\fixed_pool.cpp">
      <Filter>Source Files</Filter>
    </ClCompile>
    <ClCompile Include="source\hashtable.cpp">
      <Filter>Source Files</Filter>
    </ClCompile>
    <ClCompile Include="source\intrusive_list.cpp">
      <Filter>Source Files</Filter>
    </ClCompile>
    <ClCompile Include="source\numeric_limits.cpp">
      <Filter>Source Files</Filter>
    </ClCompile>
    <ClCompile Include="source\red_black_tree.cpp">
      <Filter>Source Files</Filter>
    </ClCompile>
    <ClCompile Include="source\string.cpp">
      <Filter>Source Files</Filter>
    </ClCompile>
    <ClCompile Include="source\thread_support.cpp">
      <Filter>Source Files</Filter>
    </ClCompile>
  </ItemGroup>
</Project>